// !$*UTF8*$!
{
	archiveVersion = 1;
	classes = {
	};
	objectVersion = 77;
	objects = {

/* Begin PBXBuildFile section */
		03FCDB138C2861BDF31C6D0D /* TrainingNotifier.swift in Sources */ = {isa = PBXBuildFile; fileRef = BF9F199C740DC441D8D701F4 /* TrainingNotifier.swift */; };
		06A696E1A725C35715FFF06B /* VersionHistorySheet.swift in Sources */ = {isa = PBXBuildFile; fileRef = 447D1741101946ABC0EDE81F /* VersionHistorySheet.swift */; };
		076A33150EF33DE00DC2A10C /* CollabTraceView.swift in Sources */ = {isa = PBXBuildFile; fileRef = 216F6401DAB58BEE359B2CCB /* CollabTraceView.swift */; };
		0874CDA0174B7E7ED65F2F2E /* DataLayerHTTPClient.swift in Sources */ = {isa = PBXBuildFile; fileRef = 14EDB5B9D3D1DA88AD22717B /* DataLayerHTTPClient.swift */; };
		09715BBB8CC72BF943809C1E /* RemindersView_iOS.swift in Sources */ = {isa = PBXBuildFile; fileRef = 11C09646BE43FE7B1E9F3B09 /* RemindersView_iOS.swift */; };
		0AEF0419384C58CCA51D78EF /* DocDetailView.swift in Sources */ = {isa = PBXBuildFile; fileRef = 842915B31E328119CB4C0F77 /* DocDetailView.swift */; };
		0E4099EC4C4ABCC1B639FACA /* tessera.xcframework in Embed Frameworks */ = {isa = PBXBuildFile; fileRef = 12E04ED6FBF1FCC3CA154CC7 /* tessera.xcframework */; settings = {ATTRIBUTES = (CodeSignOnCopy, RemoveHeadersOnCopy, ); }; };
		132CBB1F35A58B42545162AA /* ProductivityBootstraps.swift in Sources */ = {isa = PBXBuildFile; fileRef = BA6FEBA48E8F3A85052651FE /* ProductivityBootstraps.swift */; };
		14C27896D0C272FE7AC9BB68 /* LayoutInspectorView.swift in Sources */ = {isa = PBXBuildFile; fileRef = 1A2D4C992DB2F8E83DABAE66 /* LayoutInspectorView.swift */; };
		14E5A74A80E7C2805E812FA3 /* ContentView.swift in Sources */ = {isa = PBXBuildFile; fileRef = 543C41C3EF0C82A41F740F1E /* ContentView.swift */; };
		157325803FA3DEEE5603020C /* DocsListView_iOS.swift in Sources */ = {isa = PBXBuildFile; fileRef = 46702FBBBC194F492A8B10B8 /* DocsListView_iOS.swift */; };
		19AD6CB2D3A3E0AA418EB428 /* DocsListView.swift in Sources */ = {isa = PBXBuildFile; fileRef = B33FF80343A789A2962B268F /* DocsListView.swift */; };
		1ECF1B76977C4E6147167A46 /* CodeGitPanelView.swift in Sources */ = {isa = PBXBuildFile; fileRef = E240EBBECAAF3655525172FB /* CodeGitPanelView.swift */; };
		211E8D7885F8945BBA5F36DA /* CodeSearchPanelView.swift in Sources */ = {isa = PBXBuildFile; fileRef = 72CE72715512FA8F90D7B870 /* CodeSearchPanelView.swift */; };
		25AED8BD9EF741A54E8BAC3E /* RemindersView.swift in Sources */ = {isa = PBXBuildFile; fileRef = 4BE3EF723DE6781BC525F93C /* RemindersView.swift */; };
		25EBBB580ADAEC2995B59446 /* WorkflowRunNotifier.swift in Sources */ = {isa = PBXBuildFile; fileRef = 9D3010B9479BCC8BF30CCE9D /* WorkflowRunNotifier.swift */; };
		26164F765A562AE012432E1D /* PrivacyInfo.xcprivacy in Resources */ = {isa = PBXBuildFile; fileRef = 3917A41E9C7063CEEF6F3C6A /* PrivacyInfo.xcprivacy */; };
		266B4DFC27D8BF64EFEF2069 /* FlowLayout.swift in Sources */ = {isa = PBXBuildFile; fileRef = C025D895BA586EFA9AAF143D /* FlowLayout.swift */; };
		323FCE2E1440BA1A88AFF9AE /* AgentCursorOverlay.swift in Sources */ = {isa = PBXBuildFile; fileRef = 4576A2E753799151F8818B11 /* AgentCursorOverlay.swift */; };
		3DCC93048C6AD3FF8E98A7E2 /* CodeFileTreeView.swift in Sources */ = {isa = PBXBuildFile; fileRef = 7771325795C1974253F62AE1 /* CodeFileTreeView.swift */; };
		3DE202936B6222436E78E9D0 /* ProvidersSettingsView.swift in Sources */ = {isa = PBXBuildFile; fileRef = 316B1F35DA4CD36202D54554 /* ProvidersSettingsView.swift */; };
		42392DC62F8C72841DA3ADE4 /* ReceiptExportView.swift in Sources */ = {isa = PBXBuildFile; fileRef = DA6BB6A266630CA2634BAF03 /* ReceiptExportView.swift */; };
		42561C0C6B8C635155FDBA0A /* ReceiptRowView.swift in Sources */ = {isa = PBXBuildFile; fileRef = CD3706D7DA6F02E9CF495F2F /* ReceiptRowView.swift */; };
		44820084A42BFF61FD9198E8 /* TesseraCore in Frameworks */ = {isa = PBXBuildFile; productRef = 3EE7F1E4BFBB3E93B73ACCC3 /* TesseraCore */; };
		45DE91F2EDDEDF030DF68AB2 /* ContactsView.swift in Sources */ = {isa = PBXBuildFile; fileRef = FA8FE18A5EA86D5E3A938DFD /* ContactsView.swift */; };
		462BAE1F312DFBDEECBB5D6A /* ReminderDetailView_iOS.swift in Sources */ = {isa = PBXBuildFile; fileRef = A32824F05F0050B376AB4E9F /* ReminderDetailView_iOS.swift */; };
		47A4606AAD4445F62D82AB82 /* WorkflowsView.swift in Sources */ = {isa = PBXBuildFile; fileRef = 3FE31A6FADD1FFB1193E0FD1 /* WorkflowsView.swift */; };
		47AD6881245204EF1A0C514C /* TesseraStudioMacApp.swift in Sources */ = {isa = PBXBuildFile; fileRef = DFD216E1B50E0E33E37DDB5C /* TesseraStudioMacApp.swift */; };
		4B4C3B5F837872BD7A2066BB /* SheetGridView.swift in Sources */ = {isa = PBXBuildFile; fileRef = A24BA0CB02B2C07B4F40798A /* SheetGridView.swift */; };
		4D6C59FF7920D79CAA97C95D /* TasksView.swift in Sources */ = {isa = PBXBuildFile; fileRef = 7100FC20391F32F2472FE2EE /* TasksView.swift */; };
		4EFBBCBA193E296F054E5385 /* WorkflowParameterPanelView.swift in Sources */ = {isa = PBXBuildFile; fileRef = 40729A9531A2DFABE1EA961D /* WorkflowParameterPanelView.swift */; };
		504CC16738EF99406D6B8529 /* ContentView.swift in Sources */ = {isa = PBXBuildFile; fileRef = 2C144C7F04921903632D744E /* ContentView.swift */; };
		53ADD3B3E8E95A5DC0E2A443 /* CodeEditorPaneView.swift in Sources */ = {isa = PBXBuildFile; fileRef = C2091A24C706C5D452A7B757 /* CodeEditorPaneView.swift */; };
		5585350E0FD8C152B358FB1B /* CodeOutlineView.swift in Sources */ = {isa = PBXBuildFile; fileRef = 4D7F20C6E3BCA609B32E9CAF /* CodeOutlineView.swift */; };
		561C364154E0918D86AD8D30 /* LearningDashboardView.swift in Sources */ = {isa = PBXBuildFile; fileRef = FCD3045F308A4FC885C96939 /* LearningDashboardView.swift */; };
		5628BD9FBDF5CB2C6FD2C20C /* SheetDetailView.swift in Sources */ = {isa = PBXBuildFile; fileRef = 657EA5B6BA559A1A7BAC2924 /* SheetDetailView.swift */; };
		5B10DBAFFAD71E948A8094C0 /* ReportWindow.swift in Sources */ = {isa = PBXBuildFile; fileRef = E053C048DC7AD97E5C1BD774 /* ReportWindow.swift */; };
		5C95D66AE6E8D039739FCBC7 /* SlidesListView_iOS.swift in Sources */ = {isa = PBXBuildFile; fileRef = 563E0793B448A3FB525AD2CF /* SlidesListView_iOS.swift */; };
		5DBE077503600EFBE41476A1 /* DocDetailView_iOS.swift in Sources */ = {isa = PBXBuildFile; fileRef = 5E0E95004AE80B971031F915 /* DocDetailView_iOS.swift */; };
		60B8A75274EB25AF1F9C553A /* PleadTheFifthMenuItem.swift in Sources */ = {isa = PBXBuildFile; fileRef = 9A4F97FBB01CD8330A847BF0 /* PleadTheFifthMenuItem.swift */; };
		624409B0B29A3A124FE5D850 /* CapacityView.swift in Sources */ = {isa = PBXBuildFile; fileRef = BB8DBF914F948F9EFEF67B27 /* CapacityView.swift */; };
		650C73FFFB02DBF42C52F402 /* WorkflowPaletteView.swift in Sources */ = {isa = PBXBuildFile; fileRef = 7D222D5A75213DE4EA6FBB98 /* WorkflowPaletteView.swift */; };
		65434928C008DAD13CA3463D /* ChatFocusCoordinator.swift in Sources */ = {isa = PBXBuildFile; fileRef = 72FD84AF9E256F7D937B5B6E /* ChatFocusCoordinator.swift */; };
		6871A8C78F3B5B0E64AD9CE0 /* TasksView_iOS.swift in Sources */ = {isa = PBXBuildFile; fileRef = BD682BDCE20C7FD88D897AD4 /* TasksView_iOS.swift */; };
		697181D74A5556C47B1A8F8B /* NotesView_iOS.swift in Sources */ = {isa = PBXBuildFile; fileRef = DA4EDF45B7EFC2A0CBA085DA /* NotesView_iOS.swift */; };
		6EA7A4998E61C80A6099F405 /* ChatPanelView_iOS.swift in Sources */ = {isa = PBXBuildFile; fileRef = 66BB674348D21932683F6247 /* ChatPanelView_iOS.swift */; };
		716BCB07A97A34782A506338 /* WorkflowEditorStore.swift in Sources */ = {isa = PBXBuildFile; fileRef = ACDE06D68EFB3E03589167D6 /* WorkflowEditorStore.swift */; };
		71B24AAF1C0BC834C013683B /* Assets.xcassets in Resources */ = {isa = PBXBuildFile; fileRef = 6F4F9123B7EFA1C68054E8F5 /* Assets.xcassets */; };
		740EE592E11B002355354AD7 /* SidebarGroup.swift in Sources */ = {isa = PBXBuildFile; fileRef = E932494A7CA1A35EDCC39292 /* SidebarGroup.swift */; };
		7427247EF6B19D353B6E10A5 /* TesseraEditorToolbar.swift in Sources */ = {isa = PBXBuildFile; fileRef = FF21813F28DD00AAEC067404 /* TesseraEditorToolbar.swift */; };
		7CC34E39B8273779D76EBCB9 /* EmailSurfaceBootstrap.swift in Sources */ = {isa = PBXBuildFile; fileRef = E895606B76E5A9C2C7310304 /* EmailSurfaceBootstrap.swift */; };
		7F44BF2A0ABEA00E653CD50D /* WorkflowMenuActions.swift in Sources */ = {isa = PBXBuildFile; fileRef = CD514C99769025121FCA45B2 /* WorkflowMenuActions.swift */; };
		82124DEA763FD7F2D39FD9AA /* SheetsListView_iOS.swift in Sources */ = {isa = PBXBuildFile; fileRef = C8D12BDB57CC9643BF85280A /* SheetsListView_iOS.swift */; };
		8715DC3A1DEAC8852D31FCE5 /* IntelligenceView.swift in Sources */ = {isa = PBXBuildFile; fileRef = BC552F75F4E9BA2663586670 /* IntelligenceView.swift */; };
		9062010338171FA15B703C64 /* tessera.xcframework in Frameworks */ = {isa = PBXBuildFile; fileRef = 12E04ED6FBF1FCC3CA154CC7 /* tessera.xcframework */; };
		90D06D693D4C2F288EFDE6A5 /* SheetDetailView_iOS.swift in Sources */ = {isa = PBXBuildFile; fileRef = A0B6100096E939B14FB5A142 /* SheetDetailView_iOS.swift */; };
		93B56160504A7D186DDABD62 /* SlideDeckDetailView.swift in Sources */ = {isa = PBXBuildFile; fileRef = 1DD3DBACCFF7C3215CDEA531 /* SlideDeckDetailView.swift */; };
		94155ADF33A1FA2244B0096B /* TesseraCore in Frameworks */ = {isa = PBXBuildFile; productRef = 558253DF4AD709A6F954A1B9 /* TesseraCore */; };
		95922A925983CE37AF7583E1 /* TesseraAppLifecycle.swift in Sources */ = {isa = PBXBuildFile; fileRef = 1F22948AED9597A94104B0C4 /* TesseraAppLifecycle.swift */; };
		9FFD48061D8C8294560479FE /* ReceiptsDrawerSheet_iOS.swift in Sources */ = {isa = PBXBuildFile; fileRef = 8DA8704740CE20941B0DC2C7 /* ReceiptsDrawerSheet_iOS.swift */; };
		A2AFB3126E60571FB0435310 /* ConfirmationPanel.swift in Sources */ = {isa = PBXBuildFile; fileRef = FA00029C227E04B1E2D61C2B /* ConfirmationPanel.swift */; };
		A5B4155DBBAC1CB7796C79F9 /* AdvancedSection.swift in Sources */ = {isa = PBXBuildFile; fileRef = EB6F5CE81928CC153B21A988 /* AdvancedSection.swift */; };
		AB44F7608471B3F237A53D70 /* SlideCanvasView.swift in Sources */ = {isa = PBXBuildFile; fileRef = 9DC1311A2787B78FA0A8D903 /* SlideCanvasView.swift */; };
		ACA69BEBB04769F1DD146753 /* SettingsView.swift in Sources */ = {isa = PBXBuildFile; fileRef = 515D71CE71265C64C3BC538B /* SettingsView.swift */; };
		B01CB1767E74CF9EBCF90BA1 /* WorkflowNodeView.swift in Sources */ = {isa = PBXBuildFile; fileRef = 75205220F8E12273F58FC23E /* WorkflowNodeView.swift */; };
		B1620CCA35EB2EBE91250C84 /* ReminderDetailView.swift in Sources */ = {isa = PBXBuildFile; fileRef = D056BEF0F0280716907AEDF8 /* ReminderDetailView.swift */; };
		B66B18CC9826697606EFF4FB /* NotesView.swift in Sources */ = {isa = PBXBuildFile; fileRef = CE6E407552D4B5DAE0AE37F1 /* NotesView.swift */; };
		B915FD1E2EB2C90CB1B5BE0A /* TesseraEditorView.swift in Sources */ = {isa = PBXBuildFile; fileRef = D187A89CC07AF025A5D5277B /* TesseraEditorView.swift */; };
		BC2CD741B23C890CCB9BE4E5 /* ImportExportAPI.swift in Sources */ = {isa = PBXBuildFile; fileRef = E001BDE6DC34F90E55D0C83E /* ImportExportAPI.swift */; };
		C2AD2D3977218ABD48292B3C /* CodeSurfaceView.swift in Sources */ = {isa = PBXBuildFile; fileRef = 6AAA5BEEED6B2F93155F3F2E /* CodeSurfaceView.swift */; };
		C2F23C7A9E4846FD2C647C79 /* EmailSurfaceBootstrap_iOS.swift in Sources */ = {isa = PBXBuildFile; fileRef = 0F148583EC8B91D154A61999 /* EmailSurfaceBootstrap_iOS.swift */; };
		C2F5DA41114BF47A13A79D89 /* NoteEditorColumn.swift in Sources */ = {isa = PBXBuildFile; fileRef = F8F87F7E38784649EE148AE2 /* NoteEditorColumn.swift */; };
		C32D556DEA54086C990DF2C3 /* PleadTheFifthNotifications.swift in Sources */ = {isa = PBXBuildFile; fileRef = CF926E12EF9F972E62F3F018 /* PleadTheFifthNotifications.swift */; };
		C3D8AD06E1139EF043616C21 /* TesseraTableEditorView.swift in Sources */ = {isa = PBXBuildFile; fileRef = 7DED61298DFE5CE08DBE9FAC /* TesseraTableEditorView.swift */; };
		C558678BB263AFCCE060DEB0 /* CalendarSurfaceView.swift in Sources */ = {isa = PBXBuildFile; fileRef = 0984E4B20FCB1D5AF3AE604A /* CalendarSurfaceView.swift */; };
		C6A0E1FAE820404A123D0873 /* DualAgentChatView.swift in Sources */ = {isa = PBXBuildFile; fileRef = 86DE7A76E8E25029310D3EBD /* DualAgentChatView.swift */; };
		C711E5902DC14E6DFA5B6BB3 /* LearningTrainingSection.swift in Sources */ = {isa = PBXBuildFile; fileRef = CD1FE0CD17FC666E463147E4 /* LearningTrainingSection.swift */; };
		CA2FCD5D78AF4EDF4AAC29A0 /* WorkflowCanvasView.swift in Sources */ = {isa = PBXBuildFile; fileRef = EE2F125CEF082F7FA8395246 /* WorkflowCanvasView.swift */; };
		CB8154AFE489638DE1306F78 /* SlidesListView.swift in Sources */ = {isa = PBXBuildFile; fileRef = 397D4EE4BF5604D29241CD63 /* SlidesListView.swift */; };
		CF99324F941F08AB6A4C0D92 /* FindReplaceBar.swift in Sources */ = {isa = PBXBuildFile; fileRef = FE95DA4BB3C52CF9B1305C6A /* FindReplaceBar.swift */; };
		D01F786A4933554C369191FD /* ReceiptDetailView.swift in Sources */ = {isa = PBXBuildFile; fileRef = 5D2779339C44AD29BDA9565D /* ReceiptDetailView.swift */; };
		D3B43A51CB7885704B6C80CE /* SettingsView.swift in Sources */ = {isa = PBXBuildFile; fileRef = 9839F117CD5A6CC1C9C5F7DE /* SettingsView.swift */; };
		D428353BC427BE01BF41BE3C /* Assets.xcassets in Resources */ = {isa = PBXBuildFile; fileRef = 6F4F9123B7EFA1C68054E8F5 /* Assets.xcassets */; };
		D4B9C1644A7E90A4302166CF /* TesseraStudioiOSApp.swift in Sources */ = {isa = PBXBuildFile; fileRef = 437779B0DF7334909ED10304 /* TesseraStudioiOSApp.swift */; };
		D7D06DAB518BCC02F3E8CAAB /* EmailView.swift in Sources */ = {isa = PBXBuildFile; fileRef = 34E0577C17154654B8E97367 /* EmailView.swift */; };
		DA58641277C4DDB09AF73EAF /* STTextView in Frameworks */ = {isa = PBXBuildFile; productRef = 45387480C11A234AE100C0C1 /* STTextView */; };
		DAE539EEF1F75E5D07FD262E /* ReceiptsDrawerView.swift in Sources */ = {isa = PBXBuildFile; fileRef = 98B83D56898985B53E820304 /* ReceiptsDrawerView.swift */; };
		DC5CE32462F1725DD56C4A99 /* DocEditorView.swift in Sources */ = {isa = PBXBuildFile; fileRef = DBB399B96779A479223863EB /* DocEditorView.swift */; };
		DE12AD035A9DEF1AA463F79F /* WorkflowDocument.swift in Sources */ = {isa = PBXBuildFile; fileRef = 6F27831D331D02ACFE0F58B1 /* WorkflowDocument.swift */; };
		DE4F5E0C15001E320370F1C4 /* GraphWindowView.swift in Sources */ = {isa = PBXBuildFile; fileRef = 915190C136322A37F95920F2 /* GraphWindowView.swift */; };
		E53B61AC254B6296FF5FA2BF /* CommentsSidebarView.swift in Sources */ = {isa = PBXBuildFile; fileRef = A5618D64A1D7DFE93F3EDCE2 /* CommentsSidebarView.swift */; };
		EB996E0C1F8D39F72796CCF2 /* SlideDeckDetailView_iOS.swift in Sources */ = {isa = PBXBuildFile; fileRef = DC7476784ED651664E8C645A /* SlideDeckDetailView_iOS.swift */; };
		EC971CF761A0B5A7236ED2F1 /* C2PAManifestSheet.swift in Sources */ = {isa = PBXBuildFile; fileRef = 29979CD7254D23AE700907F1 /* C2PAManifestSheet.swift */; };
		EEFA8FDFEFCE597320C0F734 /* Python.xcframework in Frameworks */ = {isa = PBXBuildFile; fileRef = B050781FE5BA8E119A134821 /* Python.xcframework */; };
		F65C4A28543800692ECDE3A7 /* SheetsListView.swift in Sources */ = {isa = PBXBuildFile; fileRef = B30714C14AE68559057127E6 /* SheetsListView.swift */; };
		F998B152FEC8A40DA88B19E9 /* EmailView_iOS.swift in Sources */ = {isa = PBXBuildFile; fileRef = CC71AC3BD25D1A66CF96E26E /* EmailView_iOS.swift */; };
		F9EE450491C7F04671A2B48E /* UnifiedChatDock.swift in Sources */ = {isa = PBXBuildFile; fileRef = 7EF31291859920A67AD42281 /* UnifiedChatDock.swift */; };
		FB81106ACE826E45521007FD /* PleadTheFifthComposition.swift in Sources */ = {isa = PBXBuildFile; fileRef = F2818AD765987E1F81495096 /* PleadTheFifthComposition.swift */; };
		FED231C11F231CA2B92CDC58 /* EditorUndoCoordinator.swift in Sources */ = {isa = PBXBuildFile; fileRef = 6E33EB0CB8E4B73019CA2705 /* EditorUndoCoordinator.swift */; };
/* End PBXBuildFile section */

/* Begin PBXCopyFilesBuildPhase section */
		B9477D6A371B076BE580DBFE /* Embed Frameworks */ = {
			isa = PBXCopyFilesBuildPhase;
			buildActionMask = 2147483647;
			dstPath = "";
			dstSubfolderSpec = 10;
			files = (
				0E4099EC4C4ABCC1B639FACA /* tessera.xcframework in Embed Frameworks */,
			);
			name = "Embed Frameworks";
			runOnlyForDeploymentPostprocessing = 0;
		};
/* End PBXCopyFilesBuildPhase section */

/* Begin PBXFileReference section */
		0984E4B20FCB1D5AF3AE604A /* CalendarSurfaceView.swift */ = {isa = PBXFileReference; lastKnownFileType = sourcecode.swift; path = CalendarSurfaceView.swift; sourceTree = "<group>"; };
		0F148583EC8B91D154A61999 /* EmailSurfaceBootstrap_iOS.swift */ = {isa = PBXFileReference; lastKnownFileType = sourcecode.swift; path = EmailSurfaceBootstrap_iOS.swift; sourceTree = "<group>"; };
		11C09646BE43FE7B1E9F3B09 /* RemindersView_iOS.swift */ = {isa = PBXFileReference; lastKnownFileType = sourcecode.swift; path = RemindersView_iOS.swift; sourceTree = "<group>"; };
		12E04ED6FBF1FCC3CA154CC7 /* tessera.xcframework */ = {isa = PBXFileReference; lastKnownFileType = wrapper.xcframework; name = tessera.xcframework; path = artifacts/tessera.xcframework; sourceTree = "<group>"; };
		14EDB5B9D3D1DA88AD22717B /* DataLayerHTTPClient.swift */ = {isa = PBXFileReference; lastKnownFileType = sourcecode.swift; path = DataLayerHTTPClient.swift; sourceTree = "<group>"; };
		1A2D4C992DB2F8E83DABAE66 /* LayoutInspectorView.swift */ = {isa = PBXFileReference; lastKnownFileType = sourcecode.swift; path = LayoutInspectorView.swift; sourceTree = "<group>"; };
		1DD3DBACCFF7C3215CDEA531 /* SlideDeckDetailView.swift */ = {isa = PBXFileReference; lastKnownFileType = sourcecode.swift; path = SlideDeckDetailView.swift; sourceTree = "<group>"; };
		1F22948AED9597A94104B0C4 /* TesseraAppLifecycle.swift */ = {isa = PBXFileReference; lastKnownFileType = sourcecode.swift; path = TesseraAppLifecycle.swift; sourceTree = "<group>"; };
		216F6401DAB58BEE359B2CCB /* CollabTraceView.swift */ = {isa = PBXFileReference; lastKnownFileType = sourcecode.swift; path = CollabTraceView.swift; sourceTree = "<group>"; };
		29979CD7254D23AE700907F1 /* C2PAManifestSheet.swift */ = {isa = PBXFileReference; lastKnownFileType = sourcecode.swift; path = C2PAManifestSheet.swift; sourceTree = "<group>"; };
		2C144C7F04921903632D744E /* ContentView.swift */ = {isa = PBXFileReference; lastKnownFileType = sourcecode.swift; path = ContentView.swift; sourceTree = "<group>"; };
		316B1F35DA4CD36202D54554 /* ProvidersSettingsView.swift */ = {isa = PBXFileReference; lastKnownFileType = sourcecode.swift; path = ProvidersSettingsView.swift; sourceTree = "<group>"; };
		34E0577C17154654B8E97367 /* EmailView.swift */ = {isa = PBXFileReference; lastKnownFileType = sourcecode.swift; path = EmailView.swift; sourceTree = "<group>"; };
		3917A41E9C7063CEEF6F3C6A /* PrivacyInfo.xcprivacy */ = {isa = PBXFileReference; path = PrivacyInfo.xcprivacy; sourceTree = "<group>"; };
		397D4EE4BF5604D29241CD63 /* SlidesListView.swift */ = {isa = PBXFileReference; lastKnownFileType = sourcecode.swift; path = SlidesListView.swift; sourceTree = "<group>"; };
		3FE31A6FADD1FFB1193E0FD1 /* WorkflowsView.swift */ = {isa = PBXFileReference; lastKnownFileType = sourcecode.swift; path = WorkflowsView.swift; sourceTree = "<group>"; };
		40729A9531A2DFABE1EA961D /* WorkflowParameterPanelView.swift */ = {isa = PBXFileReference; lastKnownFileType = sourcecode.swift; path = WorkflowParameterPanelView.swift; sourceTree = "<group>"; };
		437779B0DF7334909ED10304 /* TesseraStudioiOSApp.swift */ = {isa = PBXFileReference; lastKnownFileType = sourcecode.swift; path = TesseraStudioiOSApp.swift; sourceTree = "<group>"; };
		447D1741101946ABC0EDE81F /* VersionHistorySheet.swift */ = {isa = PBXFileReference; lastKnownFileType = sourcecode.swift; path = VersionHistorySheet.swift; sourceTree = "<group>"; };
		4576A2E753799151F8818B11 /* AgentCursorOverlay.swift */ = {isa = PBXFileReference; lastKnownFileType = sourcecode.swift; path = AgentCursorOverlay.swift; sourceTree = "<group>"; };
		46702FBBBC194F492A8B10B8 /* DocsListView_iOS.swift */ = {isa = PBXFileReference; lastKnownFileType = sourcecode.swift; path = DocsListView_iOS.swift; sourceTree = "<group>"; };
		4BE3EF723DE6781BC525F93C /* RemindersView.swift */ = {isa = PBXFileReference; lastKnownFileType = sourcecode.swift; path = RemindersView.swift; sourceTree = "<group>"; };
		4D7F20C6E3BCA609B32E9CAF /* CodeOutlineView.swift */ = {isa = PBXFileReference; lastKnownFileType = sourcecode.swift; path = CodeOutlineView.swift; sourceTree = "<group>"; };
		515D71CE71265C64C3BC538B /* SettingsView.swift */ = {isa = PBXFileReference; lastKnownFileType = sourcecode.swift; path = SettingsView.swift; sourceTree = "<group>"; };
		543C41C3EF0C82A41F740F1E /* ContentView.swift */ = {isa = PBXFileReference; lastKnownFileType = sourcecode.swift; path = ContentView.swift; sourceTree = "<group>"; };
		55B00FB4A80A894E7D327A58 /* TesseraStudioiOS.app */ = {isa = PBXFileReference; includeInIndex = 0; lastKnownFileType = wrapper.application; path = TesseraStudioiOS.app; sourceTree = BUILT_PRODUCTS_DIR; };
		563E0793B448A3FB525AD2CF /* SlidesListView_iOS.swift */ = {isa = PBXFileReference; lastKnownFileType = sourcecode.swift; path = SlidesListView_iOS.swift; sourceTree = "<group>"; };
		5D2779339C44AD29BDA9565D /* ReceiptDetailView.swift */ = {isa = PBXFileReference; lastKnownFileType = sourcecode.swift; path = ReceiptDetailView.swift; sourceTree = "<group>"; };
		5E0E95004AE80B971031F915 /* DocDetailView_iOS.swift */ = {isa = PBXFileReference; lastKnownFileType = sourcecode.swift; path = DocDetailView_iOS.swift; sourceTree = "<group>"; };
		657EA5B6BA559A1A7BAC2924 /* SheetDetailView.swift */ = {isa = PBXFileReference; lastKnownFileType = sourcecode.swift; path = SheetDetailView.swift; sourceTree = "<group>"; };
		66BB674348D21932683F6247 /* ChatPanelView_iOS.swift */ = {isa = PBXFileReference; lastKnownFileType = sourcecode.swift; path = ChatPanelView_iOS.swift; sourceTree = "<group>"; };
		6AAA5BEEED6B2F93155F3F2E /* CodeSurfaceView.swift */ = {isa = PBXFileReference; lastKnownFileType = sourcecode.swift; path = CodeSurfaceView.swift; sourceTree = "<group>"; };
		6E33EB0CB8E4B73019CA2705 /* EditorUndoCoordinator.swift */ = {isa = PBXFileReference; lastKnownFileType = sourcecode.swift; path = EditorUndoCoordinator.swift; sourceTree = "<group>"; };
		6F27831D331D02ACFE0F58B1 /* WorkflowDocument.swift */ = {isa = PBXFileReference; lastKnownFileType = sourcecode.swift; path = WorkflowDocument.swift; sourceTree = "<group>"; };
		6F4F9123B7EFA1C68054E8F5 /* Assets.xcassets */ = {isa = PBXFileReference; lastKnownFileType = folder.assetcatalog; path = Assets.xcassets; sourceTree = "<group>"; };
		7100FC20391F32F2472FE2EE /* TasksView.swift */ = {isa = PBXFileReference; lastKnownFileType = sourcecode.swift; path = TasksView.swift; sourceTree = "<group>"; };
		72CE72715512FA8F90D7B870 /* CodeSearchPanelView.swift */ = {isa = PBXFileReference; lastKnownFileType = sourcecode.swift; path = CodeSearchPanelView.swift; sourceTree = "<group>"; };
		72FD84AF9E256F7D937B5B6E /* ChatFocusCoordinator.swift */ = {isa = PBXFileReference; lastKnownFileType = sourcecode.swift; path = ChatFocusCoordinator.swift; sourceTree = "<group>"; };
		75205220F8E12273F58FC23E /* WorkflowNodeView.swift */ = {isa = PBXFileReference; lastKnownFileType = sourcecode.swift; path = WorkflowNodeView.swift; sourceTree = "<group>"; };
		7771325795C1974253F62AE1 /* CodeFileTreeView.swift */ = {isa = PBXFileReference; lastKnownFileType = sourcecode.swift; path = CodeFileTreeView.swift; sourceTree = "<group>"; };
		7D222D5A75213DE4EA6FBB98 /* WorkflowPaletteView.swift */ = {isa = PBXFileReference; lastKnownFileType = sourcecode.swift; path = WorkflowPaletteView.swift; sourceTree = "<group>"; };
		7DED61298DFE5CE08DBE9FAC /* TesseraTableEditorView.swift */ = {isa = PBXFileReference; lastKnownFileType = sourcecode.swift; path = TesseraTableEditorView.swift; sourceTree = "<group>"; };
		7EF31291859920A67AD42281 /* UnifiedChatDock.swift */ = {isa = PBXFileReference; lastKnownFileType = sourcecode.swift; path = UnifiedChatDock.swift; sourceTree = "<group>"; };
		842915B31E328119CB4C0F77 /* DocDetailView.swift */ = {isa = PBXFileReference; lastKnownFileType = sourcecode.swift; path = DocDetailView.swift; sourceTree = "<group>"; };
		86DE7A76E8E25029310D3EBD /* DualAgentChatView.swift */ = {isa = PBXFileReference; lastKnownFileType = sourcecode.swift; path = DualAgentChatView.swift; sourceTree = "<group>"; };
		8DA8704740CE20941B0DC2C7 /* ReceiptsDrawerSheet_iOS.swift */ = {isa = PBXFileReference; lastKnownFileType = sourcecode.swift; path = ReceiptsDrawerSheet_iOS.swift; sourceTree = "<group>"; };
		9075FB059F1B04D32002C2F2 /* TesseraStudioMac.app */ = {isa = PBXFileReference; explicitFileType = wrapper.application; includeInIndex = 0; path = TesseraStudioMac.app; sourceTree = BUILT_PRODUCTS_DIR; };
		915190C136322A37F95920F2 /* GraphWindowView.swift */ = {isa = PBXFileReference; lastKnownFileType = sourcecode.swift; path = GraphWindowView.swift; sourceTree = "<group>"; };
		92B9CE3C72E91BD745B3A6BF /* TesseraStudio */ = {isa = PBXFileReference; lastKnownFileType = folder; name = TesseraStudio; path = .; sourceTree = SOURCE_ROOT; };
		9839F117CD5A6CC1C9C5F7DE /* SettingsView.swift */ = {isa = PBXFileReference; lastKnownFileType = sourcecode.swift; path = SettingsView.swift; sourceTree = "<group>"; };
		98B83D56898985B53E820304 /* ReceiptsDrawerView.swift */ = {isa = PBXFileReference; lastKnownFileType = sourcecode.swift; path = ReceiptsDrawerView.swift; sourceTree = "<group>"; };
		9A4F97FBB01CD8330A847BF0 /* PleadTheFifthMenuItem.swift */ = {isa = PBXFileReference; lastKnownFileType = sourcecode.swift; path = PleadTheFifthMenuItem.swift; sourceTree = "<group>"; };
		9D3010B9479BCC8BF30CCE9D /* WorkflowRunNotifier.swift */ = {isa = PBXFileReference; lastKnownFileType = sourcecode.swift; path = WorkflowRunNotifier.swift; sourceTree = "<group>"; };
		9DC1311A2787B78FA0A8D903 /* SlideCanvasView.swift */ = {isa = PBXFileReference; lastKnownFileType = sourcecode.swift; path = SlideCanvasView.swift; sourceTree = "<group>"; };
		A0B6100096E939B14FB5A142 /* SheetDetailView_iOS.swift */ = {isa = PBXFileReference; lastKnownFileType = sourcecode.swift; path = SheetDetailView_iOS.swift; sourceTree = "<group>"; };
		A24BA0CB02B2C07B4F40798A /* SheetGridView.swift */ = {isa = PBXFileReference; lastKnownFileType = sourcecode.swift; path = SheetGridView.swift; sourceTree = "<group>"; };
		A32824F05F0050B376AB4E9F /* ReminderDetailView_iOS.swift */ = {isa = PBXFileReference; lastKnownFileType = sourcecode.swift; path = ReminderDetailView_iOS.swift; sourceTree = "<group>"; };
		A5618D64A1D7DFE93F3EDCE2 /* CommentsSidebarView.swift */ = {isa = PBXFileReference; lastKnownFileType = sourcecode.swift; path = CommentsSidebarView.swift; sourceTree = "<group>"; };
		ACDE06D68EFB3E03589167D6 /* WorkflowEditorStore.swift */ = {isa = PBXFileReference; lastKnownFileType = sourcecode.swift; path = WorkflowEditorStore.swift; sourceTree = "<group>"; };
		B050781FE5BA8E119A134821 /* Python.xcframework */ = {isa = PBXFileReference; lastKnownFileType = wrapper.xcframework; name = Python.xcframework; path = artifacts/Python.xcframework; sourceTree = "<group>"; };
		B30714C14AE68559057127E6 /* SheetsListView.swift */ = {isa = PBXFileReference; lastKnownFileType = sourcecode.swift; path = SheetsListView.swift; sourceTree = "<group>"; };
		B33FF80343A789A2962B268F /* DocsListView.swift */ = {isa = PBXFileReference; lastKnownFileType = sourcecode.swift; path = DocsListView.swift; sourceTree = "<group>"; };
		BA6FEBA48E8F3A85052651FE /* ProductivityBootstraps.swift */ = {isa = PBXFileReference; lastKnownFileType = sourcecode.swift; path = ProductivityBootstraps.swift; sourceTree = "<group>"; };
		BB8DBF914F948F9EFEF67B27 /* CapacityView.swift */ = {isa = PBXFileReference; lastKnownFileType = sourcecode.swift; path = CapacityView.swift; sourceTree = "<group>"; };
		BC552F75F4E9BA2663586670 /* IntelligenceView.swift */ = {isa = PBXFileReference; lastKnownFileType = sourcecode.swift; path = IntelligenceView.swift; sourceTree = "<group>"; };
		BD682BDCE20C7FD88D897AD4 /* TasksView_iOS.swift */ = {isa = PBXFileReference; lastKnownFileType = sourcecode.swift; path = TasksView_iOS.swift; sourceTree = "<group>"; };
		BF9F199C740DC441D8D701F4 /* TrainingNotifier.swift */ = {isa = PBXFileReference; lastKnownFileType = sourcecode.swift; path = TrainingNotifier.swift; sourceTree = "<group>"; };
		C025D895BA586EFA9AAF143D /* FlowLayout.swift */ = {isa = PBXFileReference; lastKnownFileType = sourcecode.swift; path = FlowLayout.swift; sourceTree = "<group>"; };
		C2091A24C706C5D452A7B757 /* CodeEditorPaneView.swift */ = {isa = PBXFileReference; lastKnownFileType = sourcecode.swift; path = CodeEditorPaneView.swift; sourceTree = "<group>"; };
		C8D12BDB57CC9643BF85280A /* SheetsListView_iOS.swift */ = {isa = PBXFileReference; lastKnownFileType = sourcecode.swift; path = SheetsListView_iOS.swift; sourceTree = "<group>"; };
		CC71AC3BD25D1A66CF96E26E /* EmailView_iOS.swift */ = {isa = PBXFileReference; lastKnownFileType = sourcecode.swift; path = EmailView_iOS.swift; sourceTree = "<group>"; };
		CD1FE0CD17FC666E463147E4 /* LearningTrainingSection.swift */ = {isa = PBXFileReference; lastKnownFileType = sourcecode.swift; path = LearningTrainingSection.swift; sourceTree = "<group>"; };
		CD3706D7DA6F02E9CF495F2F /* ReceiptRowView.swift */ = {isa = PBXFileReference; lastKnownFileType = sourcecode.swift; path = ReceiptRowView.swift; sourceTree = "<group>"; };
		CD514C99769025121FCA45B2 /* WorkflowMenuActions.swift */ = {isa = PBXFileReference; lastKnownFileType = sourcecode.swift; path = WorkflowMenuActions.swift; sourceTree = "<group>"; };
		CE6E407552D4B5DAE0AE37F1 /* NotesView.swift */ = {isa = PBXFileReference; lastKnownFileType = sourcecode.swift; path = NotesView.swift; sourceTree = "<group>"; };
		CF926E12EF9F972E62F3F018 /* PleadTheFifthNotifications.swift */ = {isa = PBXFileReference; lastKnownFileType = sourcecode.swift; path = PleadTheFifthNotifications.swift; sourceTree = "<group>"; };
		D056BEF0F0280716907AEDF8 /* ReminderDetailView.swift */ = {isa = PBXFileReference; lastKnownFileType = sourcecode.swift; path = ReminderDetailView.swift; sourceTree = "<group>"; };
		D187A89CC07AF025A5D5277B /* TesseraEditorView.swift */ = {isa = PBXFileReference; lastKnownFileType = sourcecode.swift; path = TesseraEditorView.swift; sourceTree = "<group>"; };
		DA4EDF45B7EFC2A0CBA085DA /* NotesView_iOS.swift */ = {isa = PBXFileReference; lastKnownFileType = sourcecode.swift; path = NotesView_iOS.swift; sourceTree = "<group>"; };
		DA6BB6A266630CA2634BAF03 /* ReceiptExportView.swift */ = {isa = PBXFileReference; lastKnownFileType = sourcecode.swift; path = ReceiptExportView.swift; sourceTree = "<group>"; };
		DBB399B96779A479223863EB /* DocEditorView.swift */ = {isa = PBXFileReference; lastKnownFileType = sourcecode.swift; path = DocEditorView.swift; sourceTree = "<group>"; };
		DC7476784ED651664E8C645A /* SlideDeckDetailView_iOS.swift */ = {isa = PBXFileReference; lastKnownFileType = sourcecode.swift; path = SlideDeckDetailView_iOS.swift; sourceTree = "<group>"; };
		DFD216E1B50E0E33E37DDB5C /* TesseraStudioMacApp.swift */ = {isa = PBXFileReference; lastKnownFileType = sourcecode.swift; path = TesseraStudioMacApp.swift; sourceTree = "<group>"; };
		E001BDE6DC34F90E55D0C83E /* ImportExportAPI.swift */ = {isa = PBXFileReference; lastKnownFileType = sourcecode.swift; path = ImportExportAPI.swift; sourceTree = "<group>"; };
		E053C048DC7AD97E5C1BD774 /* ReportWindow.swift */ = {isa = PBXFileReference; lastKnownFileType = sourcecode.swift; path = ReportWindow.swift; sourceTree = "<group>"; };
		E240EBBECAAF3655525172FB /* CodeGitPanelView.swift */ = {isa = PBXFileReference; lastKnownFileType = sourcecode.swift; path = CodeGitPanelView.swift; sourceTree = "<group>"; };
		E895606B76E5A9C2C7310304 /* EmailSurfaceBootstrap.swift */ = {isa = PBXFileReference; lastKnownFileType = sourcecode.swift; path = EmailSurfaceBootstrap.swift; sourceTree = "<group>"; };
		E932494A7CA1A35EDCC39292 /* SidebarGroup.swift */ = {isa = PBXFileReference; lastKnownFileType = sourcecode.swift; path = SidebarGroup.swift; sourceTree = "<group>"; };
		EB6F5CE81928CC153B21A988 /* AdvancedSection.swift */ = {isa = PBXFileReference; lastKnownFileType = sourcecode.swift; path = AdvancedSection.swift; sourceTree = "<group>"; };
		EE2F125CEF082F7FA8395246 /* WorkflowCanvasView.swift */ = {isa = PBXFileReference; lastKnownFileType = sourcecode.swift; path = WorkflowCanvasView.swift; sourceTree = "<group>"; };
		F2818AD765987E1F81495096 /* PleadTheFifthComposition.swift */ = {isa = PBXFileReference; lastKnownFileType = sourcecode.swift; path = PleadTheFifthComposition.swift; sourceTree = "<group>"; };
		F8F87F7E38784649EE148AE2 /* NoteEditorColumn.swift */ = {isa = PBXFileReference; lastKnownFileType = sourcecode.swift; path = NoteEditorColumn.swift; sourceTree = "<group>"; };
		FA00029C227E04B1E2D61C2B /* ConfirmationPanel.swift */ = {isa = PBXFileReference; lastKnownFileType = sourcecode.swift; path = ConfirmationPanel.swift; sourceTree = "<group>"; };
		FA8FE18A5EA86D5E3A938DFD /* ContactsView.swift */ = {isa = PBXFileReference; lastKnownFileType = sourcecode.swift; path = ContactsView.swift; sourceTree = "<group>"; };
		FCD3045F308A4FC885C96939 /* LearningDashboardView.swift */ = {isa = PBXFileReference; lastKnownFileType = sourcecode.swift; path = LearningDashboardView.swift; sourceTree = "<group>"; };
		FE95DA4BB3C52CF9B1305C6A /* FindReplaceBar.swift */ = {isa = PBXFileReference; lastKnownFileType = sourcecode.swift; path = FindReplaceBar.swift; sourceTree = "<group>"; };
		FF21813F28DD00AAEC067404 /* TesseraEditorToolbar.swift */ = {isa = PBXFileReference; lastKnownFileType = sourcecode.swift; path = TesseraEditorToolbar.swift; sourceTree = "<group>"; };
/* End PBXFileReference section */

/* Begin PBXFrameworksBuildPhase section */
		9EE5FEF540331CE14B3DF1DA /* Frameworks */ = {
			isa = PBXFrameworksBuildPhase;
			buildActionMask = 2147483647;
			files = (
				44820084A42BFF61FD9198E8 /* TesseraCore in Frameworks */,
			);
			runOnlyForDeploymentPostprocessing = 0;
		};
		F2936DE8F64A5825A8188229 /* Frameworks */ = {
			isa = PBXFrameworksBuildPhase;
			buildActionMask = 2147483647;
			files = (
				94155ADF33A1FA2244B0096B /* TesseraCore in Frameworks */,
				DA58641277C4DDB09AF73EAF /* STTextView in Frameworks */,
				9062010338171FA15B703C64 /* tessera.xcframework in Frameworks */,
				EEFA8FDFEFCE597320C0F734 /* Python.xcframework in Frameworks */,
			);
			runOnlyForDeploymentPostprocessing = 0;
		};
/* End PBXFrameworksBuildPhase section */

/* Begin PBXGroup section */
		00D67B0ECC0F20D66FA17D67 /* Mac */ = {
			isa = PBXGroup;
			children = (
				3917A41E9C7063CEEF6F3C6A /* PrivacyInfo.xcprivacy */,
			);
			path = Mac;
			sourceTree = "<group>";
		};
		02ED7A58E4944098FCFAED7E /* Providers */ = {
			isa = PBXGroup;
			children = (
				316B1F35DA4CD36202D54554 /* ProvidersSettingsView.swift */,
			);
			path = Providers;
			sourceTree = "<group>";
		};
		0A2751ABA319F91B09CB63B9 /* Tasks */ = {
			isa = PBXGroup;
			children = (
				BD682BDCE20C7FD88D897AD4 /* TasksView_iOS.swift */,
			);
			path = Tasks;
			sourceTree = "<group>";
		};
		0E77EEF6C4871B8C05BB02D4 /* Shared */ = {
			isa = PBXGroup;
			children = (
				6F4F9123B7EFA1C68054E8F5 /* Assets.xcassets */,
			);
			path = Shared;
			sourceTree = "<group>";
		};
		1139FC2D4F2DC9BD2B85B37F /* Calendar */ = {
			isa = PBXGroup;
			children = (
				0984E4B20FCB1D5AF3AE604A /* CalendarSurfaceView.swift */,
			);
			path = Calendar;
			sourceTree = "<group>";
		};
		1CB356EEFE5F04B3E736C1B5 /* Views */ = {
			isa = PBXGroup;
			children = (
				9839F117CD5A6CC1C9C5F7DE /* SettingsView.swift */,
				BE34B2237B966FDA250F4E02 /* ChatPanel */,
				ACBCB8029F5483EBD902A427 /* Docs */,
				E41F740F10C79DDDB0F86889 /* Email */,
				7DE6D54A0CB188980D98AEB6 /* Notes */,
				8EB16ECC083EA8DD6814989B /* Receipts */,
				BD6A0ACBDFCA12BC26C2ED92 /* Reminders */,
				788488CBB5298F83489407A1 /* Sheets */,
				886CE96BB85F995B2CD291FC /* Slides */,
				0A2751ABA319F91B09CB63B9 /* Tasks */,
			);
			path = Views;
			sourceTree = "<group>";
		};
		345B218CDF59DDA782925CA4 /* Notes */ = {
			isa = PBXGroup;
			children = (
				C025D895BA586EFA9AAF143D /* FlowLayout.swift */,
				F8F87F7E38784649EE148AE2 /* NoteEditorColumn.swift */,
				CE6E407552D4B5DAE0AE37F1 /* NotesView.swift */,
			);
			path = Notes;
			sourceTree = "<group>";
		};
		3C6123140A713C13FF958CE6 /* App */ = {
			isa = PBXGroup;
			children = (
				72FD84AF9E256F7D937B5B6E /* ChatFocusCoordinator.swift */,
				2C144C7F04921903632D744E /* ContentView.swift */,
				F2818AD765987E1F81495096 /* PleadTheFifthComposition.swift */,
				BA6FEBA48E8F3A85052651FE /* ProductivityBootstraps.swift */,
				E932494A7CA1A35EDCC39292 /* SidebarGroup.swift */,
				1F22948AED9597A94104B0C4 /* TesseraAppLifecycle.swift */,
				DFD216E1B50E0E33E37DDB5C /* TesseraStudioMacApp.swift */,
			);
			path = App;
			sourceTree = "<group>";
		};
		3C9E4AEADC07880D8E3A9B36 /* Graph */ = {
			isa = PBXGroup;
			children = (
				915190C136322A37F95920F2 /* GraphWindowView.swift */,
			);
			path = Graph;
			sourceTree = "<group>";
		};
		3F01C24A97920B06D1E20438 /* Learning */ = {
			isa = PBXGroup;
			children = (
				CD1FE0CD17FC666E463147E4 /* LearningTrainingSection.swift */,
				BF9F199C740DC441D8D701F4 /* TrainingNotifier.swift */,
			);
			path = Learning;
			sourceTree = "<group>";
		};
		43C5CC33F0C45C0F533AD699 /* Contacts */ = {
			isa = PBXGroup;
			children = (
				FA8FE18A5EA86D5E3A938DFD /* ContactsView.swift */,
			);
			path = Contacts;
			sourceTree = "<group>";
		};
		45D8332F9D9D6E4F4CB34E25 /* Docs */ = {
			isa = PBXGroup;
			children = (
				842915B31E328119CB4C0F77 /* DocDetailView.swift */,
				DBB399B96779A479223863EB /* DocEditorView.swift */,
				B33FF80343A789A2962B268F /* DocsListView.swift */,
				447D1741101946ABC0EDE81F /* VersionHistorySheet.swift */,
			);
			path = Docs;
			sourceTree = "<group>";
		};
		4B0BFA4088E866070226D74B /* Packages */ = {
			isa = PBXGroup;
			children = (
				92B9CE3C72E91BD745B3A6BF /* TesseraStudio */,
			);
			name = Packages;
			sourceTree = "<group>";
		};
		4BCF8381FFA874C26388F6FD /* Encryption */ = {
			isa = PBXGroup;
			children = (
				FA00029C227E04B1E2D61C2B /* ConfirmationPanel.swift */,
				9A4F97FBB01CD8330A847BF0 /* PleadTheFifthMenuItem.swift */,
				CF926E12EF9F972E62F3F018 /* PleadTheFifthNotifications.swift */,
				E053C048DC7AD97E5C1BD774 /* ReportWindow.swift */,
			);
			path = Encryption;
			sourceTree = "<group>";
		};
		4E15D410EFCB6A43B652A6DA /* TesseraStudioiOS */ = {
			isa = PBXGroup;
			children = (
				C027C100D0A3D2A9E4685C9A /* App */,
				1CB356EEFE5F04B3E736C1B5 /* Views */,
			);
			path = TesseraStudioiOS;
			sourceTree = "<group>";
		};
		57FF4881E3AA515D67EEAFDC /* Code */ = {
			isa = PBXGroup;
			children = (
				C2091A24C706C5D452A7B757 /* CodeEditorPaneView.swift */,
				7771325795C1974253F62AE1 /* CodeFileTreeView.swift */,
				E240EBBECAAF3655525172FB /* CodeGitPanelView.swift */,
				4D7F20C6E3BCA609B32E9CAF /* CodeOutlineView.swift */,
				72CE72715512FA8F90D7B870 /* CodeSearchPanelView.swift */,
				6AAA5BEEED6B2F93155F3F2E /* CodeSurfaceView.swift */,
			);
			path = Code;
			sourceTree = "<group>";
		};
		5E0B2937DD1AE11596850911 /* Receipts */ = {
			isa = PBXGroup;
			children = (
				29979CD7254D23AE700907F1 /* C2PAManifestSheet.swift */,
				5D2779339C44AD29BDA9565D /* ReceiptDetailView.swift */,
				DA6BB6A266630CA2634BAF03 /* ReceiptExportView.swift */,
				CD3706D7DA6F02E9CF495F2F /* ReceiptRowView.swift */,
				98B83D56898985B53E820304 /* ReceiptsDrawerView.swift */,
			);
			path = Receipts;
			sourceTree = "<group>";
		};
		660EF4753934B99780D9956A /* Workflows */ = {
			isa = PBXGroup;
			children = (
				EE2F125CEF082F7FA8395246 /* WorkflowCanvasView.swift */,
				6F27831D331D02ACFE0F58B1 /* WorkflowDocument.swift */,
				ACDE06D68EFB3E03589167D6 /* WorkflowEditorStore.swift */,
				CD514C99769025121FCA45B2 /* WorkflowMenuActions.swift */,
				75205220F8E12273F58FC23E /* WorkflowNodeView.swift */,
				7D222D5A75213DE4EA6FBB98 /* WorkflowPaletteView.swift */,
				40729A9531A2DFABE1EA961D /* WorkflowParameterPanelView.swift */,
				9D3010B9479BCC8BF30CCE9D /* WorkflowRunNotifier.swift */,
				3FE31A6FADD1FFB1193E0FD1 /* WorkflowsView.swift */,
			);
			path = Workflows;
			sourceTree = "<group>";
		};
		69E7A0D6C73684589F4E170E /* Support */ = {
			isa = PBXGroup;
			children = (
				00D67B0ECC0F20D66FA17D67 /* Mac */,
			);
			path = Support;
			sourceTree = "<group>";
		};
		6C5F35F1EAF348D5D055F764 /* ChatPanel */ = {
			isa = PBXGroup;
			children = (
				7EF31291859920A67AD42281 /* UnifiedChatDock.swift */,
			);
			path = ChatPanel;
			sourceTree = "<group>";
		};
		745E3547FC94EDD0E3B2D50A /* Intelligence */ = {
			isa = PBXGroup;
			children = (
				EB6F5CE81928CC153B21A988 /* AdvancedSection.swift */,
				BC552F75F4E9BA2663586670 /* IntelligenceView.swift */,
			);
			path = Intelligence;
			sourceTree = "<group>";
		};
		788488CBB5298F83489407A1 /* Sheets */ = {
			isa = PBXGroup;
			children = (
				A0B6100096E939B14FB5A142 /* SheetDetailView_iOS.swift */,
				C8D12BDB57CC9643BF85280A /* SheetsListView_iOS.swift */,
			);
			path = Sheets;
			sourceTree = "<group>";
		};
		7DE6D54A0CB188980D98AEB6 /* Notes */ = {
			isa = PBXGroup;
			children = (
				DA4EDF45B7EFC2A0CBA085DA /* NotesView_iOS.swift */,
			);
			path = Notes;
			sourceTree = "<group>";
		};
		8490743478CABE56C72DC5E7 /* Capacity */ = {
			isa = PBXGroup;
			children = (
				BB8DBF914F948F9EFEF67B27 /* CapacityView.swift */,
			);
			path = Capacity;
			sourceTree = "<group>";
		};
		883F462C6BBA4196981AE74D /* Editor */ = {
			isa = PBXGroup;
			children = (
				4576A2E753799151F8818B11 /* AgentCursorOverlay.swift */,
				A5618D64A1D7DFE93F3EDCE2 /* CommentsSidebarView.swift */,
				6E33EB0CB8E4B73019CA2705 /* EditorUndoCoordinator.swift */,
				FE95DA4BB3C52CF9B1305C6A /* FindReplaceBar.swift */,
				1A2D4C992DB2F8E83DABAE66 /* LayoutInspectorView.swift */,
				FF21813F28DD00AAEC067404 /* TesseraEditorToolbar.swift */,
				D187A89CC07AF025A5D5277B /* TesseraEditorView.swift */,
				7DED61298DFE5CE08DBE9FAC /* TesseraTableEditorView.swift */,
			);
			path = Editor;
			sourceTree = "<group>";
		};
		886CE96BB85F995B2CD291FC /* Slides */ = {
			isa = PBXGroup;
			children = (
				DC7476784ED651664E8C645A /* SlideDeckDetailView_iOS.swift */,
				563E0793B448A3FB525AD2CF /* SlidesListView_iOS.swift */,
			);
			path = Slides;
			sourceTree = "<group>";
		};
		8DB16A3757173E651B533923 /* API */ = {
			isa = PBXGroup;
			children = (
				14EDB5B9D3D1DA88AD22717B /* DataLayerHTTPClient.swift */,
				E001BDE6DC34F90E55D0C83E /* ImportExportAPI.swift */,
			);
			path = API;
			sourceTree = "<group>";
		};
		8EB16ECC083EA8DD6814989B /* Receipts */ = {
			isa = PBXGroup;
			children = (
				8DA8704740CE20941B0DC2C7 /* ReceiptsDrawerSheet_iOS.swift */,
			);
			path = Receipts;
			sourceTree = "<group>";
		};
		9898BB9EE81B0FD7B7CD2AFA /* Slides */ = {
			isa = PBXGroup;
			children = (
				9DC1311A2787B78FA0A8D903 /* SlideCanvasView.swift */,
				1DD3DBACCFF7C3215CDEA531 /* SlideDeckDetailView.swift */,
				397D4EE4BF5604D29241CD63 /* SlidesListView.swift */,
			);
			path = Slides;
			sourceTree = "<group>";
		};
		98FDD97AADD920F39E5A3561 /* DualAgent */ = {
			isa = PBXGroup;
			children = (
				216F6401DAB58BEE359B2CCB /* CollabTraceView.swift */,
				86DE7A76E8E25029310D3EBD /* DualAgentChatView.swift */,
			);
			path = DualAgent;
			sourceTree = "<group>";
		};
		A59300B90D297B4AFDC0126D /* Email */ = {
			isa = PBXGroup;
			children = (
				E895606B76E5A9C2C7310304 /* EmailSurfaceBootstrap.swift */,
				34E0577C17154654B8E97367 /* EmailView.swift */,
			);
			path = Email;
			sourceTree = "<group>";
		};
		ACBCB8029F5483EBD902A427 /* Docs */ = {
			isa = PBXGroup;
			children = (
				5E0E95004AE80B971031F915 /* DocDetailView_iOS.swift */,
				46702FBBBC194F492A8B10B8 /* DocsListView_iOS.swift */,
			);
			path = Docs;
			sourceTree = "<group>";
		};
		ADF4D9448C4AB7B955BF1EC0 /* Products */ = {
			isa = PBXGroup;
			children = (
				55B00FB4A80A894E7D327A58 /* TesseraStudioiOS.app */,
				9075FB059F1B04D32002C2F2 /* TesseraStudioMac.app */,
			);
			name = Products;
			sourceTree = "<group>";
		};
		B8364AA1085CB31A892616E1 /* Frameworks */ = {
			isa = PBXGroup;
			children = (
				B050781FE5BA8E119A134821 /* Python.xcframework */,
				12E04ED6FBF1FCC3CA154CC7 /* tessera.xcframework */,
			);
			name = Frameworks;
			sourceTree = "<group>";
		};
		BB6115158FBBABCF20F14EEE /* Tasks */ = {
			isa = PBXGroup;
			children = (
				7100FC20391F32F2472FE2EE /* TasksView.swift */,
			);
			path = Tasks;
			sourceTree = "<group>";
		};
		BD6A0ACBDFCA12BC26C2ED92 /* Reminders */ = {
			isa = PBXGroup;
			children = (
				A32824F05F0050B376AB4E9F /* ReminderDetailView_iOS.swift */,
				11C09646BE43FE7B1E9F3B09 /* RemindersView_iOS.swift */,
			);
			path = Reminders;
			sourceTree = "<group>";
		};
		BDB3D247610FB8EE2D45003A /* Sources */ = {
			isa = PBXGroup;
			children = (
				4E15D410EFCB6A43B652A6DA /* TesseraStudioiOS */,
				FE4F864427047DB409BEA3FC /* TesseraStudioMac */,
			);
			path = Sources;
			sourceTree = "<group>";
		};
		BE34B2237B966FDA250F4E02 /* ChatPanel */ = {
			isa = PBXGroup;
			children = (
				66BB674348D21932683F6247 /* ChatPanelView_iOS.swift */,
			);
			path = ChatPanel;
			sourceTree = "<group>";
		};
		C027C100D0A3D2A9E4685C9A /* App */ = {
			isa = PBXGroup;
			children = (
				543C41C3EF0C82A41F740F1E /* ContentView.swift */,
				437779B0DF7334909ED10304 /* TesseraStudioiOSApp.swift */,
			);
			path = App;
			sourceTree = "<group>";
		};
		E41F740F10C79DDDB0F86889 /* Email */ = {
			isa = PBXGroup;
			children = (
				0F148583EC8B91D154A61999 /* EmailSurfaceBootstrap_iOS.swift */,
				CC71AC3BD25D1A66CF96E26E /* EmailView_iOS.swift */,
			);
			path = Email;
			sourceTree = "<group>";
		};
		E444049A8E6351CE88F16EC3 = {
			isa = PBXGroup;
			children = (
				4B0BFA4088E866070226D74B /* Packages */,
				0E77EEF6C4871B8C05BB02D4 /* Shared */,
				BDB3D247610FB8EE2D45003A /* Sources */,
				69E7A0D6C73684589F4E170E /* Support */,
				B8364AA1085CB31A892616E1 /* Frameworks */,
				ADF4D9448C4AB7B955BF1EC0 /* Products */,
			);
			sourceTree = "<group>";
		};
		F0DE72BA322FAB05AD82C9DD /* Reminders */ = {
			isa = PBXGroup;
			children = (
				D056BEF0F0280716907AEDF8 /* ReminderDetailView.swift */,
				4BE3EF723DE6781BC525F93C /* RemindersView.swift */,
			);
			path = Reminders;
			sourceTree = "<group>";
		};
		F5AF8869B5464F3C31082196 /* Views */ = {
			isa = PBXGroup;
			children = (
				FCD3045F308A4FC885C96939 /* LearningDashboardView.swift */,
				515D71CE71265C64C3BC538B /* SettingsView.swift */,
				1139FC2D4F2DC9BD2B85B37F /* Calendar */,
				8490743478CABE56C72DC5E7 /* Capacity */,
				6C5F35F1EAF348D5D055F764 /* ChatPanel */,
				57FF4881E3AA515D67EEAFDC /* Code */,
				43C5CC33F0C45C0F533AD699 /* Contacts */,
				45D8332F9D9D6E4F4CB34E25 /* Docs */,
				98FDD97AADD920F39E5A3561 /* DualAgent */,
				883F462C6BBA4196981AE74D /* Editor */,
				A59300B90D297B4AFDC0126D /* Email */,
				3C9E4AEADC07880D8E3A9B36 /* Graph */,
				745E3547FC94EDD0E3B2D50A /* Intelligence */,
				3F01C24A97920B06D1E20438 /* Learning */,
				345B218CDF59DDA782925CA4 /* Notes */,
				02ED7A58E4944098FCFAED7E /* Providers */,
				5E0B2937DD1AE11596850911 /* Receipts */,
				F0DE72BA322FAB05AD82C9DD /* Reminders */,
				FD1965EA6FEA005DBAAE65BE /* Sheets */,
				9898BB9EE81B0FD7B7CD2AFA /* Slides */,
				BB6115158FBBABCF20F14EEE /* Tasks */,
				660EF4753934B99780D9956A /* Workflows */,
			);
			path = Views;
			sourceTree = "<group>";
		};
		FD1965EA6FEA005DBAAE65BE /* Sheets */ = {
			isa = PBXGroup;
			children = (
				657EA5B6BA559A1A7BAC2924 /* SheetDetailView.swift */,
				A24BA0CB02B2C07B4F40798A /* SheetGridView.swift */,
				B30714C14AE68559057127E6 /* SheetsListView.swift */,
			);
			path = Sheets;
			sourceTree = "<group>";
		};
		FE4F864427047DB409BEA3FC /* TesseraStudioMac */ = {
			isa = PBXGroup;
			children = (
				8DB16A3757173E651B533923 /* API */,
				3C6123140A713C13FF958CE6 /* App */,
				4BCF8381FFA874C26388F6FD /* Encryption */,
				F5AF8869B5464F3C31082196 /* Views */,
			);
			path = TesseraStudioMac;
			sourceTree = "<group>";
		};
/* End PBXGroup section */

/* Begin PBXNativeTarget section */
		69B8A4CF45C9BDF967B903D6 /* TesseraStudioiOS */ = {
			isa = PBXNativeTarget;
			buildConfigurationList = 4D4432793AE3CF2D4B78400D /* Build configuration list for PBXNativeTarget "TesseraStudioiOS" */;
			buildPhases = (
				5B65E49E08C43B3AE9743D40 /* Sources */,
				F0DED35BA1ED26C027315623 /* Resources */,
				9EE5FEF540331CE14B3DF1DA /* Frameworks */,
			);
			buildRules = (
			);
			dependencies = (
			);
			name = TesseraStudioiOS;
			packageProductDependencies = (
				3EE7F1E4BFBB3E93B73ACCC3 /* TesseraCore */,
			);
			productName = TesseraStudioiOS;
			productReference = 55B00FB4A80A894E7D327A58 /* TesseraStudioiOS.app */;
			productType = "com.apple.product-type.application";
		};
		A4383DB23095790C1B7A06E6 /* TesseraStudioMac */ = {
			isa = PBXNativeTarget;
			buildConfigurationList = 1BA3A17FA0B3CA6F9F416A0A /* Build configuration list for PBXNativeTarget "TesseraStudioMac" */;
			buildPhases = (
				D522CCF6F89116F5D1065F1E /* Sources */,
				31FCCD89AB7EC5603A57FEA2 /* Resources */,
				F2936DE8F64A5825A8188229 /* Frameworks */,
				B9477D6A371B076BE580DBFE /* Embed Frameworks */,
			);
			buildRules = (
			);
			dependencies = (
			);
			name = TesseraStudioMac;
			packageProductDependencies = (
				558253DF4AD709A6F954A1B9 /* TesseraCore */,
				45387480C11A234AE100C0C1 /* STTextView */,
			);
			productName = TesseraStudioMac;
			productReference = 9075FB059F1B04D32002C2F2 /* TesseraStudioMac.app */;
			productType = "com.apple.product-type.application";
		};
/* End PBXNativeTarget section */

/* Begin PBXProject section */
		A0F95CDDD801526A4D635543 /* Project object */ = {
			isa = PBXProject;
			attributes = {
				BuildIndependentTargetsInParallel = YES;
				LastUpgradeCheck = 1430;
				TargetAttributes = {
					A4383DB23095790C1B7A06E6 = {
						ProvisioningStyle = Manual;
					};
				};
			};
			buildConfigurationList = 0F5B7BABB3D775D0EEF7D4ED /* Build configuration list for PBXProject "TesseraStudio" */;
			developmentRegion = en;
			hasScannedForEncodings = 0;
			knownRegions = (
				Base,
				en,
			);
			mainGroup = E444049A8E6351CE88F16EC3;
			minimizedProjectReferenceProxies = 1;
			packageReferences = (
				DE5401936E5A14A866F9BCA7 /* XCRemoteSwiftPackageReference "STTextView" */,
				B8F6101CBB78B794C01EFF67 /* XCLocalSwiftPackageReference "." */,
			);
			preferredProjectObjectVersion = 77;
			productRefGroup = ADF4D9448C4AB7B955BF1EC0 /* Products */;
			projectDirPath = "";
			projectRoot = "";
			targets = (
				A4383DB23095790C1B7A06E6 /* TesseraStudioMac */,
				69B8A4CF45C9BDF967B903D6 /* TesseraStudioiOS */,
			);
		};
/* End PBXProject section */

/* Begin PBXResourcesBuildPhase section */
		31FCCD89AB7EC5603A57FEA2 /* Resources */ = {
			isa = PBXResourcesBuildPhase;
			buildActionMask = 2147483647;
			files = (
				71B24AAF1C0BC834C013683B /* Assets.xcassets in Resources */,
				26164F765A562AE012432E1D /* PrivacyInfo.xcprivacy in Resources */,
			);
			runOnlyForDeploymentPostprocessing = 0;
		};
		F0DED35BA1ED26C027315623 /* Resources */ = {
			isa = PBXResourcesBuildPhase;
			buildActionMask = 2147483647;
			files = (
				D428353BC427BE01BF41BE3C /* Assets.xcassets in Resources */,
			);
			runOnlyForDeploymentPostprocessing = 0;
		};
/* End PBXResourcesBuildPhase section */

/* Begin PBXSourcesBuildPhase section */
		5B65E49E08C43B3AE9743D40 /* Sources */ = {
			isa = PBXSourcesBuildPhase;
			buildActionMask = 2147483647;
			files = (
				6EA7A4998E61C80A6099F405 /* ChatPanelView_iOS.swift in Sources */,
				14E5A74A80E7C2805E812FA3 /* ContentView.swift in Sources */,
				5DBE077503600EFBE41476A1 /* DocDetailView_iOS.swift in Sources */,
				157325803FA3DEEE5603020C /* DocsListView_iOS.swift in Sources */,
				C2F23C7A9E4846FD2C647C79 /* EmailSurfaceBootstrap_iOS.swift in Sources */,
				F998B152FEC8A40DA88B19E9 /* EmailView_iOS.swift in Sources */,
				697181D74A5556C47B1A8F8B /* NotesView_iOS.swift in Sources */,
				9FFD48061D8C8294560479FE /* ReceiptsDrawerSheet_iOS.swift in Sources */,
				462BAE1F312DFBDEECBB5D6A /* ReminderDetailView_iOS.swift in Sources */,
				09715BBB8CC72BF943809C1E /* RemindersView_iOS.swift in Sources */,
				D3B43A51CB7885704B6C80CE /* SettingsView.swift in Sources */,
				90D06D693D4C2F288EFDE6A5 /* SheetDetailView_iOS.swift in Sources */,
				82124DEA763FD7F2D39FD9AA /* SheetsListView_iOS.swift in Sources */,
				EB996E0C1F8D39F72796CCF2 /* SlideDeckDetailView_iOS.swift in Sources */,
				5C95D66AE6E8D039739FCBC7 /* SlidesListView_iOS.swift in Sources */,
				6871A8C78F3B5B0E64AD9CE0 /* TasksView_iOS.swift in Sources */,
				D4B9C1644A7E90A4302166CF /* TesseraStudioiOSApp.swift in Sources */,
			);
			runOnlyForDeploymentPostprocessing = 0;
		};
		D522CCF6F89116F5D1065F1E /* Sources */ = {
			isa = PBXSourcesBuildPhase;
			buildActionMask = 2147483647;
			files = (
				A5B4155DBBAC1CB7796C79F9 /* AdvancedSection.swift in Sources */,
				323FCE2E1440BA1A88AFF9AE /* AgentCursorOverlay.swift in Sources */,
				EC971CF761A0B5A7236ED2F1 /* C2PAManifestSheet.swift in Sources */,
				C558678BB263AFCCE060DEB0 /* CalendarSurfaceView.swift in Sources */,
				624409B0B29A3A124FE5D850 /* CapacityView.swift in Sources */,
				65434928C008DAD13CA3463D /* ChatFocusCoordinator.swift in Sources */,
				53ADD3B3E8E95A5DC0E2A443 /* CodeEditorPaneView.swift in Sources */,
				3DCC93048C6AD3FF8E98A7E2 /* CodeFileTreeView.swift in Sources */,
				1ECF1B76977C4E6147167A46 /* CodeGitPanelView.swift in Sources */,
				5585350E0FD8C152B358FB1B /* CodeOutlineView.swift in Sources */,
				211E8D7885F8945BBA5F36DA /* CodeSearchPanelView.swift in Sources */,
				C2AD2D3977218ABD48292B3C /* CodeSurfaceView.swift in Sources */,
				076A33150EF33DE00DC2A10C /* CollabTraceView.swift in Sources */,
				E53B61AC254B6296FF5FA2BF /* CommentsSidebarView.swift in Sources */,
				A2AFB3126E60571FB0435310 /* ConfirmationPanel.swift in Sources */,
				45DE91F2EDDEDF030DF68AB2 /* ContactsView.swift in Sources */,
				504CC16738EF99406D6B8529 /* ContentView.swift in Sources */,
				0874CDA0174B7E7ED65F2F2E /* DataLayerHTTPClient.swift in Sources */,
				0AEF0419384C58CCA51D78EF /* DocDetailView.swift in Sources */,
				DC5CE32462F1725DD56C4A99 /* DocEditorView.swift in Sources */,
				19AD6CB2D3A3E0AA418EB428 /* DocsListView.swift in Sources */,
				C6A0E1FAE820404A123D0873 /* DualAgentChatView.swift in Sources */,
				FED231C11F231CA2B92CDC58 /* EditorUndoCoordinator.swift in Sources */,
				7CC34E39B8273779D76EBCB9 /* EmailSurfaceBootstrap.swift in Sources */,
				D7D06DAB518BCC02F3E8CAAB /* EmailView.swift in Sources */,
				CF99324F941F08AB6A4C0D92 /* FindReplaceBar.swift in Sources */,
				266B4DFC27D8BF64EFEF2069 /* FlowLayout.swift in Sources */,
				DE4F5E0C15001E320370F1C4 /* GraphWindowView.swift in Sources */,
				BC2CD741B23C890CCB9BE4E5 /* ImportExportAPI.swift in Sources */,
				8715DC3A1DEAC8852D31FCE5 /* IntelligenceView.swift in Sources */,
				14C27896D0C272FE7AC9BB68 /* LayoutInspectorView.swift in Sources */,
				561C364154E0918D86AD8D30 /* LearningDashboardView.swift in Sources */,
				C711E5902DC14E6DFA5B6BB3 /* LearningTrainingSection.swift in Sources */,
				C2F5DA41114BF47A13A79D89 /* NoteEditorColumn.swift in Sources */,
				B66B18CC9826697606EFF4FB /* NotesView.swift in Sources */,
				FB81106ACE826E45521007FD /* PleadTheFifthComposition.swift in Sources */,
				60B8A75274EB25AF1F9C553A /* PleadTheFifthMenuItem.swift in Sources */,
				C32D556DEA54086C990DF2C3 /* PleadTheFifthNotifications.swift in Sources */,
				132CBB1F35A58B42545162AA /* ProductivityBootstraps.swift in Sources */,
				3DE202936B6222436E78E9D0 /* ProvidersSettingsView.swift in Sources */,
				D01F786A4933554C369191FD /* ReceiptDetailView.swift in Sources */,
				42392DC62F8C72841DA3ADE4 /* ReceiptExportView.swift in Sources */,
				42561C0C6B8C635155FDBA0A /* ReceiptRowView.swift in Sources */,
				DAE539EEF1F75E5D07FD262E /* ReceiptsDrawerView.swift in Sources */,
				B1620CCA35EB2EBE91250C84 /* ReminderDetailView.swift in Sources */,
				25AED8BD9EF741A54E8BAC3E /* RemindersView.swift in Sources */,
				5B10DBAFFAD71E948A8094C0 /* ReportWindow.swift in Sources */,
				ACA69BEBB04769F1DD146753 /* SettingsView.swift in Sources */,
				5628BD9FBDF5CB2C6FD2C20C /* SheetDetailView.swift in Sources */,
				4B4C3B5F837872BD7A2066BB /* SheetGridView.swift in Sources */,
				F65C4A28543800692ECDE3A7 /* SheetsListView.swift in Sources */,
				740EE592E11B002355354AD7 /* SidebarGroup.swift in Sources */,
				AB44F7608471B3F237A53D70 /* SlideCanvasView.swift in Sources */,
				93B56160504A7D186DDABD62 /* SlideDeckDetailView.swift in Sources */,
				CB8154AFE489638DE1306F78 /* SlidesListView.swift in Sources */,
				4D6C59FF7920D79CAA97C95D /* TasksView.swift in Sources */,
				95922A925983CE37AF7583E1 /* TesseraAppLifecycle.swift in Sources */,
				7427247EF6B19D353B6E10A5 /* TesseraEditorToolbar.swift in Sources */,
				B915FD1E2EB2C90CB1B5BE0A /* TesseraEditorView.swift in Sources */,
				47AD6881245204EF1A0C514C /* TesseraStudioMacApp.swift in Sources */,
				C3D8AD06E1139EF043616C21 /* TesseraTableEditorView.swift in Sources */,
				03FCDB138C2861BDF31C6D0D /* TrainingNotifier.swift in Sources */,
				F9EE450491C7F04671A2B48E /* UnifiedChatDock.swift in Sources */,
				06A696E1A725C35715FFF06B /* VersionHistorySheet.swift in Sources */,
				CA2FCD5D78AF4EDF4AAC29A0 /* WorkflowCanvasView.swift in Sources */,
				DE12AD035A9DEF1AA463F79F /* WorkflowDocument.swift in Sources */,
				716BCB07A97A34782A506338 /* WorkflowEditorStore.swift in Sources */,
				7F44BF2A0ABEA00E653CD50D /* WorkflowMenuActions.swift in Sources */,
				B01CB1767E74CF9EBCF90BA1 /* WorkflowNodeView.swift in Sources */,
				650C73FFFB02DBF42C52F402 /* WorkflowPaletteView.swift in Sources */,
				4EFBBCBA193E296F054E5385 /* WorkflowParameterPanelView.swift in Sources */,
				25EBBB580ADAEC2995B59446 /* WorkflowRunNotifier.swift in Sources */,
				47A4606AAD4445F62D82AB82 /* WorkflowsView.swift in Sources */,
			);
			runOnlyForDeploymentPostprocessing = 0;
		};
/* End PBXSourcesBuildPhase section */

/* Begin XCBuildConfiguration section */
		17A74129DBB0D945D2A62E7C /* Debug */ = {
			isa = XCBuildConfiguration;
			buildSettings = {
				ASSETCATALOG_COMPILER_APPICON_NAME = AppIcon;
				ASSETCATALOG_COMPILER_GLOBAL_ACCENT_COLOR_NAME = AccentColor;
				CODE_SIGNING_REQUIRED = NO;
				CODE_SIGN_ENTITLEMENTS = Support/Mac/TesseraStudioMac.entitlements;
				CODE_SIGN_IDENTITY = "-";
				CODE_SIGN_STYLE = Manual;
				COMBINE_HIDPI_IMAGES = YES;
				FRAMEWORK_SEARCH_PATHS = (
					"$(inherited)",
					"\"artifacts\"",
				);
				INFOPLIST_FILE = Support/Mac/Info.plist;
				LD_RUNPATH_SEARCH_PATHS = (
					"$(inherited)",
					"@executable_path/../Frameworks",
				);
				MACOSX_DEPLOYMENT_TARGET = 26.0;
				PRODUCT_BUNDLE_IDENTIFIER = com.tessera.studio.mac;
				PRODUCT_NAME = TesseraStudioMac;
				SDKROOT = macosx;
			};
			name = Debug;
		};
		839E85A8E75074525FA38B6F /* Debug */ = {
			isa = XCBuildConfiguration;
			buildSettings = {
				ASSETCATALOG_COMPILER_APPICON_NAME = AppIcon;
				ASSETCATALOG_COMPILER_GLOBAL_ACCENT_COLOR_NAME = AccentColor;
				CODE_SIGNING_ALLOWED = NO;
				CODE_SIGNING_REQUIRED = NO;
				CODE_SIGN_IDENTITY = "iPhone Developer";
				INFOPLIST_FILE = Support/iOS/Info.plist;
				IPHONEOS_DEPLOYMENT_TARGET = 17.0;
				LD_RUNPATH_SEARCH_PATHS = (
					"$(inherited)",
					"@executable_path/Frameworks",
				);
				PRODUCT_BUNDLE_IDENTIFIER = com.tessera.studio.ios;
				PRODUCT_NAME = TesseraStudioiOS;
				SDKROOT = iphoneos;
				TARGETED_DEVICE_FAMILY = "1,2";
			};
			name = Debug;
		};
		BD9CA5653897EB92BEC50C7C /* Release */ = {
			isa = XCBuildConfiguration;
			buildSettings = {
				ALWAYS_SEARCH_USER_PATHS = NO;
				CLANG_ANALYZER_NONNULL = YES;
				CLANG_ANALYZER_NUMBER_OBJECT_CONVERSION = YES_AGGRESSIVE;
				CLANG_CXX_LANGUAGE_STANDARD = "gnu++14";
				CLANG_CXX_LIBRARY = "libc++";
				CLANG_ENABLE_MODULES = YES;
				CLANG_ENABLE_OBJC_ARC = YES;
				CLANG_ENABLE_OBJC_WEAK = YES;
				CLANG_WARN_BLOCK_CAPTURE_AUTORELEASING = YES;
				CLANG_WARN_BOOL_CONVERSION = YES;
				CLANG_WARN_COMMA = YES;
				CLANG_WARN_CONSTANT_CONVERSION = YES;
				CLANG_WARN_DEPRECATED_OBJC_IMPLEMENTATIONS = YES;
				CLANG_WARN_DIRECT_OBJC_ISA_USAGE = YES_ERROR;
				CLANG_WARN_DOCUMENTATION_COMMENTS = YES;
				CLANG_WARN_EMPTY_BODY = YES;
				CLANG_WARN_ENUM_CONVERSION = YES;
				CLANG_WARN_INFINITE_RECURSION = YES;
				CLANG_WARN_INT_CONVERSION = YES;
				CLANG_WARN_NON_LITERAL_NULL_CONVERSION = YES;
				CLANG_WARN_OBJC_IMPLICIT_RETAIN_SELF = YES;
				CLANG_WARN_OBJC_LITERAL_CONVERSION = YES;
				CLANG_WARN_OBJC_ROOT_CLASS = YES_ERROR;
				CLANG_WARN_QUOTED_INCLUDE_IN_FRAMEWORK_HEADER = YES;
				CLANG_WARN_RANGE_LOOP_ANALYSIS = YES;
				CLANG_WARN_STRICT_PROTOTYPES = YES;
				CLANG_WARN_SUSPICIOUS_MOVE = YES;
				CLANG_WARN_UNGUARDED_AVAILABILITY = YES_AGGRESSIVE;
				CLANG_WARN_UNREACHABLE_CODE = YES;
				CLANG_WARN__DUPLICATE_METHOD_MATCH = YES;
				COPY_PHASE_STRIP = NO;
				CURRENT_PROJECT_VERSION = 1;
				DEBUG_INFORMATION_FORMAT = "dwarf-with-dsym";
				ENABLE_HARDENED_RUNTIME = NO;
				ENABLE_NS_ASSERTIONS = NO;
				ENABLE_STRICT_OBJC_MSGSEND = YES;
				GCC_C_LANGUAGE_STANDARD = gnu11;
				GCC_NO_COMMON_BLOCKS = YES;
				GCC_WARN_64_TO_32_BIT_CONVERSION = YES;
				GCC_WARN_ABOUT_RETURN_TYPE = YES_ERROR;
				GCC_WARN_UNDECLARED_SELECTOR = YES;
				GCC_WARN_UNINITIALIZED_AUTOS = YES_AGGRESSIVE;
				GCC_WARN_UNUSED_FUNCTION = YES;
				GCC_WARN_UNUSED_VARIABLE = YES;
				IPHONEOS_DEPLOYMENT_TARGET = 17.0;
				MACOSX_DEPLOYMENT_TARGET = 26.0;
				MARKETING_VERSION = 1.0;
				MTL_ENABLE_DEBUG_INFO = NO;
				MTL_FAST_MATH = YES;
				PRODUCT_NAME = "$(TARGET_NAME)";
				SWIFT_COMPILATION_MODE = wholemodule;
				SWIFT_OPTIMIZATION_LEVEL = "-O";
				SWIFT_VERSION = 5.9;
			};
			name = Release;
		};
		C7F6C23EAEF3E3CE24F5E1D5 /* Release */ = {
			isa = XCBuildConfiguration;
			buildSettings = {
				ASSETCATALOG_COMPILER_APPICON_NAME = AppIcon;
				ASSETCATALOG_COMPILER_GLOBAL_ACCENT_COLOR_NAME = AccentColor;
				CODE_SIGNING_ALLOWED = NO;
				CODE_SIGNING_REQUIRED = NO;
				CODE_SIGN_IDENTITY = "iPhone Developer";
				INFOPLIST_FILE = Support/iOS/Info.plist;
				IPHONEOS_DEPLOYMENT_TARGET = 17.0;
				LD_RUNPATH_SEARCH_PATHS = (
					"$(inherited)",
					"@executable_path/Frameworks",
				);
				PRODUCT_BUNDLE_IDENTIFIER = com.tessera.studio.ios;
				PRODUCT_NAME = TesseraStudioiOS;
				SDKROOT = iphoneos;
				TARGETED_DEVICE_FAMILY = "1,2";
			};
			name = Release;
		};
		EE23CB8C2FE92F1505720E59 /* Release */ = {
			isa = XCBuildConfiguration;
			buildSettings = {
				ASSETCATALOG_COMPILER_APPICON_NAME = AppIcon;
				ASSETCATALOG_COMPILER_GLOBAL_ACCENT_COLOR_NAME = AccentColor;
				CODE_SIGNING_REQUIRED = NO;
				CODE_SIGN_ENTITLEMENTS = Support/Mac/TesseraStudioMac.entitlements;
				CODE_SIGN_IDENTITY = "-";
				CODE_SIGN_STYLE = Manual;
				COMBINE_HIDPI_IMAGES = YES;
				FRAMEWORK_SEARCH_PATHS = (
					"$(inherited)",
					"\"artifacts\"",
				);
				INFOPLIST_FILE = Support/Mac/Info.plist;
				LD_RUNPATH_SEARCH_PATHS = (
					"$(inherited)",
					"@executable_path/../Frameworks",
				);
				MACOSX_DEPLOYMENT_TARGET = 26.0;
				PRODUCT_BUNDLE_IDENTIFIER = com.tessera.studio.mac;
				PRODUCT_NAME = TesseraStudioMac;
				SDKROOT = macosx;
			};
			name = Release;
		};
		F672645DD88ECA4B07864BB6 /* Debug */ = {
			isa = XCBuildConfiguration;
			buildSettings = {
				ALWAYS_SEARCH_USER_PATHS = NO;
				CLANG_ANALYZER_NONNULL = YES;
				CLANG_ANALYZER_NUMBER_OBJECT_CONVERSION = YES_AGGRESSIVE;
				CLANG_CXX_LANGUAGE_STANDARD = "gnu++14";
				CLANG_CXX_LIBRARY = "libc++";
				CLANG_ENABLE_MODULES = YES;
				CLANG_ENABLE_OBJC_ARC = YES;
				CLANG_ENABLE_OBJC_WEAK = YES;
				CLANG_WARN_BLOCK_CAPTURE_AUTORELEASING = YES;
				CLANG_WARN_BOOL_CONVERSION = YES;
				CLANG_WARN_COMMA = YES;
				CLANG_WARN_CONSTANT_CONVERSION = YES;
				CLANG_WARN_DEPRECATED_OBJC_IMPLEMENTATIONS = YES;
				CLANG_WARN_DIRECT_OBJC_ISA_USAGE = YES_ERROR;
				CLANG_WARN_DOCUMENTATION_COMMENTS = YES;
				CLANG_WARN_EMPTY_BODY = YES;
				CLANG_WARN_ENUM_CONVERSION = YES;
				CLANG_WARN_INFINITE_RECURSION = YES;
				CLANG_WARN_INT_CONVERSION = YES;
				CLANG_WARN_NON_LITERAL_NULL_CONVERSION = YES;
				CLANG_WARN_OBJC_IMPLICIT_RETAIN_SELF = YES;
				CLANG_WARN_OBJC_LITERAL_CONVERSION = YES;
				CLANG_WARN_OBJC_ROOT_CLASS = YES_ERROR;
				CLANG_WARN_QUOTED_INCLUDE_IN_FRAMEWORK_HEADER = YES;
				CLANG_WARN_RANGE_LOOP_ANALYSIS = YES;
				CLANG_WARN_STRICT_PROTOTYPES = YES;
				CLANG_WARN_SUSPICIOUS_MOVE = YES;
				CLANG_WARN_UNGUARDED_AVAILABILITY = YES_AGGRESSIVE;
				CLANG_WARN_UNREACHABLE_CODE = YES;
				CLANG_WARN__DUPLICATE_METHOD_MATCH = YES;
				COPY_PHASE_STRIP = NO;
				CURRENT_PROJECT_VERSION = 1;
				DEBUG_INFORMATION_FORMAT = dwarf;
				ENABLE_HARDENED_RUNTIME = NO;
				ENABLE_STRICT_OBJC_MSGSEND = YES;
				ENABLE_TESTABILITY = YES;
				GCC_C_LANGUAGE_STANDARD = gnu11;
				GCC_DYNAMIC_NO_PIC = NO;
				GCC_NO_COMMON_BLOCKS = YES;
				GCC_OPTIMIZATION_LEVEL = 0;
				GCC_PREPROCESSOR_DEFINITIONS = (
					"$(inherited)",
					"DEBUG=1",
				);
				GCC_WARN_64_TO_32_BIT_CONVERSION = YES;
				GCC_WARN_ABOUT_RETURN_TYPE = YES_ERROR;
				GCC_WARN_UNDECLARED_SELECTOR = YES;
				GCC_WARN_UNINITIALIZED_AUTOS = YES_AGGRESSIVE;
				GCC_WARN_UNUSED_FUNCTION = YES;
				GCC_WARN_UNUSED_VARIABLE = YES;
				IPHONEOS_DEPLOYMENT_TARGET = 17.0;
				MACOSX_DEPLOYMENT_TARGET = 26.0;
				MARKETING_VERSION = 1.0;
				MTL_ENABLE_DEBUG_INFO = INCLUDE_SOURCE;
				MTL_FAST_MATH = YES;
				ONLY_ACTIVE_ARCH = YES;
				PRODUCT_NAME = "$(TARGET_NAME)";
				SWIFT_ACTIVE_COMPILATION_CONDITIONS = DEBUG;
				SWIFT_OPTIMIZATION_LEVEL = "-Onone";
				SWIFT_VERSION = 5.9;
			};
			name = Debug;
		};
/* End XCBuildConfiguration section */

/* Begin XCConfigurationList section */
		0F5B7BABB3D775D0EEF7D4ED /* Build configuration list for PBXProject "TesseraStudio" */ = {
			isa = XCConfigurationList;
			buildConfigurations = (
				F672645DD88ECA4B07864BB6 /* Debug */,
				BD9CA5653897EB92BEC50C7C /* Release */,
			);
			defaultConfigurationIsVisible = 0;
			defaultConfigurationName = Debug;
		};
		1BA3A17FA0B3CA6F9F416A0A /* Build configuration list for PBXNativeTarget "TesseraStudioMac" */ = {
			isa = XCConfigurationList;
			buildConfigurations = (
				17A74129DBB0D945D2A62E7C /* Debug */,
				EE23CB8C2FE92F1505720E59 /* Release */,
			);
			defaultConfigurationIsVisible = 0;
			defaultConfigurationName = Debug;
		};
		4D4432793AE3CF2D4B78400D /* Build configuration list for PBXNativeTarget "TesseraStudioiOS" */ = {
			isa = XCConfigurationList;
			buildConfigurations = (
				839E85A8E75074525FA38B6F /* Debug */,
				C7F6C23EAEF3E3CE24F5E1D5 /* Release */,
			);
			defaultConfigurationIsVisible = 0;
			defaultConfigurationName = Debug;
		};
/* End XCConfigurationList section */

/* Begin XCLocalSwiftPackageReference section */
		B8F6101CBB78B794C01EFF67 /* XCLocalSwiftPackageReference "." */ = {
			isa = XCLocalSwiftPackageReference;
			relativePath = .;
		};
/* End XCLocalSwiftPackageReference section */

/* Begin XCRemoteSwiftPackageReference section */
		DE5401936E5A14A866F9BCA7 /* XCRemoteSwiftPackageReference "STTextView" */ = {
			isa = XCRemoteSwiftPackageReference;
			repositoryURL = "https://github.com/krzyzanowskim/STTextView.git";
			requirement = {
				kind = upToNextMajorVersion;
				minimumVersion = 2.0.0;
			};
		};
/* End XCRemoteSwiftPackageReference section */

/* Begin XCSwiftPackageProductDependency section */
		3EE7F1E4BFBB3E93B73ACCC3 /* TesseraCore */ = {
			isa = XCSwiftPackageProductDependency;
			productName = TesseraCore;
		};
		45387480C11A234AE100C0C1 /* STTextView */ = {
			isa = XCSwiftPackageProductDependency;
			package = DE5401936E5A14A866F9BCA7 /* XCRemoteSwiftPackageReference "STTextView" */;
			productName = STTextView;
		};
		558253DF4AD709A6F954A1B9 /* TesseraCore */ = {
			isa = XCSwiftPackageProductDependency;
			productName = TesseraCore;
		};
/* End XCSwiftPackageProductDependency section */
	};
	rootObject = A0F95CDDD801526A4D635543 /* Project object */;
}
