// !$*UTF8*$!
{
	archiveVersion = 1;
	classes = {
	};
	objectVersion = 77;
	objects = {

/* Begin PBXBuildFile section */
		03FCDB138C2861BDF31C6D0D /* TrainingNotifier.swift in Sources */ = {isa = PBXBuildFile; fileRef = BF9F199C740DC441D8D701F4 /* TrainingNotifier.swift */; };
		0E4099EC4C4ABCC1B639FACA /* tessera.xcframework in Embed Frameworks */ = {isa = PBXBuildFile; fileRef = 12E04ED6FBF1FCC3CA154CC7 /* tessera.xcframework */; settings = {ATTRIBUTES = (CodeSignOnCopy, RemoveHeadersOnCopy, ); }; };
		14E5A74A80E7C2805E812FA3 /* ContentView.swift in Sources */ = {isa = PBXBuildFile; fileRef = 543C41C3EF0C82A41F740F1E /* ContentView.swift */; };
		25EBBB580ADAEC2995B59446 /* WorkflowRunNotifier.swift in Sources */ = {isa = PBXBuildFile; fileRef = 9D3010B9479BCC8BF30CCE9D /* WorkflowRunNotifier.swift */; };
		26164F765A562AE012432E1D /* PrivacyInfo.xcprivacy in Resources */ = {isa = PBXBuildFile; fileRef = 3917A41E9C7063CEEF6F3C6A /* PrivacyInfo.xcprivacy */; };
		44820084A42BFF61FD9198E8 /* TesseraCore in Frameworks */ = {isa = PBXBuildFile; productRef = 3EE7F1E4BFBB3E93B73ACCC3 /* TesseraCore */; };
		47A4606AAD4445F62D82AB82 /* WorkflowsView.swift in Sources */ = {isa = PBXBuildFile; fileRef = 3FE31A6FADD1FFB1193E0FD1 /* WorkflowsView.swift */; };
		47AD6881245204EF1A0C514C /* TesseraStudioMacApp.swift in Sources */ = {isa = PBXBuildFile; fileRef = DFD216E1B50E0E33E37DDB5C /* TesseraStudioMacApp.swift */; };
		4EFBBCBA193E296F054E5385 /* WorkflowParameterPanelView.swift in Sources */ = {isa = PBXBuildFile; fileRef = 40729A9531A2DFABE1EA961D /* WorkflowParameterPanelView.swift */; };
		504CC16738EF99406D6B8529 /* ContentView.swift in Sources */ = {isa = PBXBuildFile; fileRef = 2C144C7F04921903632D744E /* ContentView.swift */; };
		561C364154E0918D86AD8D30 /* LearningDashboardView.swift in Sources */ = {isa = PBXBuildFile; fileRef = FCD3045F308A4FC885C96939 /* LearningDashboardView.swift */; };
		5B10DBAFFAD71E948A8094C0 /* ReportWindow.swift in Sources */ = {isa = PBXBuildFile; fileRef = E053C048DC7AD97E5C1BD774 /* ReportWindow.swift */; };
		60B8A75274EB25AF1F9C553A /* PleadTheFifthMenuItem.swift in Sources */ = {isa = PBXBuildFile; fileRef = 9A4F97FBB01CD8330A847BF0 /* PleadTheFifthMenuItem.swift */; };
		650C73FFFB02DBF42C52F402 /* WorkflowPaletteView.swift in Sources */ = {isa = PBXBuildFile; fileRef = 7D222D5A75213DE4EA6FBB98 /* WorkflowPaletteView.swift */; };
		716BCB07A97A34782A506338 /* WorkflowEditorStore.swift in Sources */ = {isa = PBXBuildFile; fileRef = ACDE06D68EFB3E03589167D6 /* WorkflowEditorStore.swift */; };
		71B24AAF1C0BC834C013683B /* Assets.xcassets in Resources */ = {isa = PBXBuildFile; fileRef = 6F4F9123B7EFA1C68054E8F5 /* Assets.xcassets */; };
		7F44BF2A0ABEA00E653CD50D /* WorkflowMenuActions.swift in Sources */ = {isa = PBXBuildFile; fileRef = CD514C99769025121FCA45B2 /* WorkflowMenuActions.swift */; };
		9062010338171FA15B703C64 /* tessera.xcframework in Frameworks */ = {isa = PBXBuildFile; fileRef = 12E04ED6FBF1FCC3CA154CC7 /* tessera.xcframework */; };
		94155ADF33A1FA2244B0096B /* TesseraCore in Frameworks */ = {isa = PBXBuildFile; productRef = 558253DF4AD709A6F954A1B9 /* TesseraCore */; };
		95922A925983CE37AF7583E1 /* TesseraAppLifecycle.swift in Sources */ = {isa = PBXBuildFile; fileRef = 1F22948AED9597A94104B0C4 /* TesseraAppLifecycle.swift */; };
		A2AFB3126E60571FB0435310 /* ConfirmationPanel.swift in Sources */ = {isa = PBXBuildFile; fileRef = FA00029C227E04B1E2D61C2B /* ConfirmationPanel.swift */; };
		ACA69BEBB04769F1DD146753 /* SettingsView.swift in Sources */ = {isa = PBXBuildFile; fileRef = 515D71CE71265C64C3BC538B /* SettingsView.swift */; };
		B01CB1767E74CF9EBCF90BA1 /* WorkflowNodeView.swift in Sources */ = {isa = PBXBuildFile; fileRef = 75205220F8E12273F58FC23E /* WorkflowNodeView.swift */; };
		C32D556DEA54086C990DF2C3 /* PleadTheFifthNotifications.swift in Sources */ = {isa = PBXBuildFile; fileRef = CF926E12EF9F972E62F3F018 /* PleadTheFifthNotifications.swift */; };
		C711E5902DC14E6DFA5B6BB3 /* LearningTrainingSection.swift in Sources */ = {isa = PBXBuildFile; fileRef = CD1FE0CD17FC666E463147E4 /* LearningTrainingSection.swift */; };
		CA2FCD5D78AF4EDF4AAC29A0 /* WorkflowCanvasView.swift in Sources */ = {isa = PBXBuildFile; fileRef = EE2F125CEF082F7FA8395246 /* WorkflowCanvasView.swift */; };
		D3B43A51CB7885704B6C80CE /* SettingsView.swift in Sources */ = {isa = PBXBuildFile; fileRef = 9839F117CD5A6CC1C9C5F7DE /* SettingsView.swift */; };
		D428353BC427BE01BF41BE3C /* Assets.xcassets in Resources */ = {isa = PBXBuildFile; fileRef = 6F4F9123B7EFA1C68054E8F5 /* Assets.xcassets */; };
		D4B9C1644A7E90A4302166CF /* TesseraStudioiOSApp.swift in Sources */ = {isa = PBXBuildFile; fileRef = 437779B0DF7334909ED10304 /* TesseraStudioiOSApp.swift */; };
		DE12AD035A9DEF1AA463F79F /* WorkflowDocument.swift in Sources */ = {isa = PBXBuildFile; fileRef = 6F27831D331D02ACFE0F58B1 /* WorkflowDocument.swift */; };
		E7238C778AE6FEA15CC5249F /* PleadTheFifthComposition.swift in Sources */ = {isa = PBXBuildFile; fileRef = 540B73FBDE8656FBCEC42BE5 /* PleadTheFifthComposition.swift */; };
		4F12FA681CD679F875BAF005 /* ImportExportAPI.swift in Sources */ = {isa = PBXBuildFile; fileRef = 9F0AC464D273ABC271D3C879 /* ImportExportAPI.swift */; };
		3B5D85E413B19144977159F4 /* DataLayerHTTPClient.swift in Sources */ = {isa = PBXBuildFile; fileRef = 305E2A0088E5367FD2591EB1 /* DataLayerHTTPClient.swift */; };
		1C92C00E0C07F07C3E6FDEB4 /* ReceiptsDrawerView.swift in Sources */ = {isa = PBXBuildFile; fileRef = 052981943BA75C7FF2A8DD7F /* ReceiptsDrawerView.swift */; };
		3E5061A4421035327A6C7089 /* ReceiptDetailView.swift in Sources */ = {isa = PBXBuildFile; fileRef = EEF1B93E7ECC0D10F3897EAF /* ReceiptDetailView.swift */; };
		4052C60960A48615B1724760 /* C2PAManifestSheet.swift in Sources */ = {isa = PBXBuildFile; fileRef = 706933FFA8C51AB9153FE663 /* C2PAManifestSheet.swift */; };
		5952C57D1D644F7B1C094B7A /* ReceiptExportView.swift in Sources */ = {isa = PBXBuildFile; fileRef = D4D8378089EBB81B571B6622 /* ReceiptExportView.swift */; };
		811AE6366AD6BF5C7D162078 /* ReceiptRowView.swift in Sources */ = {isa = PBXBuildFile; fileRef = 1A8A0785E86EE7F8AA72F994 /* ReceiptRowView.swift */; };
		29D7900D8E55B4EEB0031E92 /* TasksView.swift in Sources */ = {isa = PBXBuildFile; fileRef = 2F30BCC1D8C529F7B8A51ED5 /* TasksView.swift */; };
		EB40C684CCBE46E412451758 /* CalendarSurfaceView.swift in Sources */ = {isa = PBXBuildFile; fileRef = 9A468F69137DA00F9967511A /* CalendarSurfaceView.swift */; };
		42222463F66A1E1E694E0BAE /* SheetGridView.swift in Sources */ = {isa = PBXBuildFile; fileRef = 27B07F824BE523D38B5ECB8D /* SheetGridView.swift */; };
		288DF442CB2C999A833698FF /* SheetDetailView.swift in Sources */ = {isa = PBXBuildFile; fileRef = EF5E2524EB0A6C6955030257 /* SheetDetailView.swift */; };
		EBAB6A7FA09BC7BBA09A21A1 /* SheetsListView.swift in Sources */ = {isa = PBXBuildFile; fileRef = F8E62DE7FC20ECC94F403E72 /* SheetsListView.swift */; };
		B4707F2F7F85F970C2B09534 /* ContactsView.swift in Sources */ = {isa = PBXBuildFile; fileRef = 7AEDC5B4E72597FAC628C145 /* ContactsView.swift */; };
		49E6E635870852B63BD12804 /* GraphWindowView.swift in Sources */ = {isa = PBXBuildFile; fileRef = 330179AADD0450412F028193 /* GraphWindowView.swift */; };
		4564C374D44F4410F3937566 /* CodeSurfaceView.swift in Sources */ = {isa = PBXBuildFile; fileRef = EB01901170F326B72A9F8016 /* CodeSurfaceView.swift */; };
		B252BAE140004DBE99D89D45 /* CodeEditorPaneView.swift in Sources */ = {isa = PBXBuildFile; fileRef = 8BB9E7D36DFF662B3C3ECE84 /* CodeEditorPaneView.swift */; };
		60E7385C41DFC771F51EB5E7 /* CodeOutlineView.swift in Sources */ = {isa = PBXBuildFile; fileRef = 02AD06C76E6B4B3C315C9355 /* CodeOutlineView.swift */; };
		9E62C6FD798D704BB5CFE507 /* CodeSearchPanelView.swift in Sources */ = {isa = PBXBuildFile; fileRef = D81C4BBC8DFD96FEBBA2E2FE /* CodeSearchPanelView.swift */; };
		F0A3C54395C8D1FB4C2C8274 /* CodeFileTreeView.swift in Sources */ = {isa = PBXBuildFile; fileRef = 266F5ADC413BE365AA716E42 /* CodeFileTreeView.swift */; };
		85971460116CE25F782987DE /* CodeGitPanelView.swift in Sources */ = {isa = PBXBuildFile; fileRef = 8FCF77798307EDF16A451E5A /* CodeGitPanelView.swift */; };
		6222551F68538DC3D1F7105A /* DocEditorView.swift in Sources */ = {isa = PBXBuildFile; fileRef = 2322D469388FE84A11A0CE3D /* DocEditorView.swift */; };
		E69A896C30A0FEFFF47F037F /* DocsListView.swift in Sources */ = {isa = PBXBuildFile; fileRef = 604477E6ACAA7F2A4F54108A /* DocsListView.swift */; };
		F4A7805C88C720E3F26D3BF4 /* DocDetailView.swift in Sources */ = {isa = PBXBuildFile; fileRef = 5E360BF173126B87903E0AAE /* DocDetailView.swift */; };
		F40F8DC41A91E7353635C9EF /* SlidesListView.swift in Sources */ = {isa = PBXBuildFile; fileRef = 4BD194BB8FD6AAA1222B3D5A /* SlidesListView.swift */; };
		88B9AC55A745516921C08056 /* SlideDeckDetailView.swift in Sources */ = {isa = PBXBuildFile; fileRef = 7A6B46874A0AA083914AD162 /* SlideDeckDetailView.swift */; };
		E298E736959B487C65D9F598 /* SlideCanvasView.swift in Sources */ = {isa = PBXBuildFile; fileRef = 964722668C2169637BB3909D /* SlideCanvasView.swift */; };
		90106C04011847F5B7BD96B6 /* NoteEditorColumn.swift in Sources */ = {isa = PBXBuildFile; fileRef = 139713C1DABE19A93EC018C3 /* NoteEditorColumn.swift */; };
		DAF8F0F4D7FEF3A983CA207D /* FlowLayout.swift in Sources */ = {isa = PBXBuildFile; fileRef = 2AE720DFA88463BBEFCC3D1F /* FlowLayout.swift */; };
		E5493CF39E2D0309152477A2 /* NotesView.swift in Sources */ = {isa = PBXBuildFile; fileRef = 9B61290DAE3563ECC4AEE5F0 /* NotesView.swift */; };
		BF1BB9675AD2D40C3D7D3D7C /* ChatPanelInputView.swift in Sources */ = {isa = PBXBuildFile; fileRef = BA1FB1F6454BC86B062BB0C7 /* ChatPanelInputView.swift */; };
		457461B0AB7A861AB7F657D2 /* HoldYourHorsesDialog.swift in Sources */ = {isa = PBXBuildFile; fileRef = 70CAEFEC6519244ADD4E94B7 /* HoldYourHorsesDialog.swift */; };
		E4550AEAD492E5BC0AD70156 /* ChatQueueRowView.swift in Sources */ = {isa = PBXBuildFile; fileRef = C6437ACBF3C4DA01BE0C0BD1 /* ChatQueueRowView.swift */; };
		962418F9782CA8884013D953 /* ChatPanelView.swift in Sources */ = {isa = PBXBuildFile; fileRef = 6FA3C9C215B212E0AEC7AE6E /* ChatPanelView.swift */; };
		E050E16EDCFFCF7A1C9452DF /* ChatPanelHeaderView.swift in Sources */ = {isa = PBXBuildFile; fileRef = BC5757E27749685A5022A297 /* ChatPanelHeaderView.swift */; };
		27D778030B179094BAC995B3 /* ReminderDetailView.swift in Sources */ = {isa = PBXBuildFile; fileRef = 685BE9E014956BB440EC2518 /* ReminderDetailView.swift */; };
		A6FB9F9695821FBADDC049B4 /* RemindersView.swift in Sources */ = {isa = PBXBuildFile; fileRef = BC7DDC740ECAEE7FCBB7AD91 /* RemindersView.swift */; };
		4358C3B53D3501DC064B618D /* EmailView.swift in Sources */ = {isa = PBXBuildFile; fileRef = 30F50EDD2EC73626326268AE /* EmailView.swift */; };
		296EB0F2C309D3E459F9679C /* EmailSurfaceBootstrap.swift in Sources */ = {isa = PBXBuildFile; fileRef = 6DAC1EA8EA36715DE529DF7F /* EmailSurfaceBootstrap.swift */; };
		DB596D80A1485B158AFB8976 /* TesseraEditorView.swift in Sources */ = {isa = PBXBuildFile; fileRef = FC3AB868DC344EE0808BADE4 /* TesseraEditorView.swift */; };
		3652B38577A85C0C641254E3 /* TesseraEditorToolbar.swift in Sources */ = {isa = PBXBuildFile; fileRef = 95C9914B01095A84BED3C60E /* TesseraEditorToolbar.swift */; };
		03F5586AD7446BBBE62E9DA9 /* EditorUndoCoordinator.swift in Sources */ = {isa = PBXBuildFile; fileRef = 8535F6189A0AC7531BB35D6C /* EditorUndoCoordinator.swift */; };
		69DDDA7375DCAB6199010409 /* AgentCursorOverlay.swift in Sources */ = {isa = PBXBuildFile; fileRef = 3FCFED64CF90623CAFBE68D1 /* AgentCursorOverlay.swift */; };
		BA668F0226526E20155DB473 /* ProductivitySurfaceView.swift in Sources */ = {isa = PBXBuildFile; fileRef = 52B967DD90A9C9979A7C8A89 /* ProductivitySurfaceView.swift */; };
		ECEA44F8205BBCF655D37EAD /* ReceiptsDrawerSheet_iOS.swift in Sources */ = {isa = PBXBuildFile; fileRef = D2D20BE04F536D57E76CC6E0 /* ReceiptsDrawerSheet_iOS.swift */; };
		812FCD737D6B4645624E0B4C /* TasksView_iOS.swift in Sources */ = {isa = PBXBuildFile; fileRef = 8DA5A40D7703BEA2A95560FF /* TasksView_iOS.swift */; };
		E36234617B50E60180A9A89E /* SheetsListView_iOS.swift in Sources */ = {isa = PBXBuildFile; fileRef = 35D37712A0E41C026FC2D181 /* SheetsListView_iOS.swift */; };
		88B158364517100C10BCD1CB /* SheetDetailView_iOS.swift in Sources */ = {isa = PBXBuildFile; fileRef = 6652CE2A21DA3C18B417F346 /* SheetDetailView_iOS.swift */; };
		3BCC331362237566E619EE43 /* DocDetailView_iOS.swift in Sources */ = {isa = PBXBuildFile; fileRef = 30CDEC2EF75E37437DC51FB2 /* DocDetailView_iOS.swift */; };
		89BDDDA9DCF00773151BAEE5 /* DocsListView_iOS.swift in Sources */ = {isa = PBXBuildFile; fileRef = 94572AD5E679A953B7558715 /* DocsListView_iOS.swift */; };
		BB067C7BBD83050C7D2FB33B /* SlideDeckDetailView_iOS.swift in Sources */ = {isa = PBXBuildFile; fileRef = A559F2467C1E82BD177F507F /* SlideDeckDetailView_iOS.swift */; };
		5591FCFAAC4659BC3D3F8219 /* SlidesListView_iOS.swift in Sources */ = {isa = PBXBuildFile; fileRef = B9ACF71102B09C8A1EEDB042 /* SlidesListView_iOS.swift */; };
		0640D0BCF5C2CDAD31740306 /* NotesView_iOS.swift in Sources */ = {isa = PBXBuildFile; fileRef = D8ADF652E5F9D315BE1C7584 /* NotesView_iOS.swift */; };
		6B025BEF65720BBC962F39AB /* ChatPanelView_iOS.swift in Sources */ = {isa = PBXBuildFile; fileRef = 9133B0A5AD0064847291A738 /* ChatPanelView_iOS.swift */; };
		73380C786D531E3372CABE64 /* RemindersView_iOS.swift in Sources */ = {isa = PBXBuildFile; fileRef = B1646FCB600E6887BECDA10D /* RemindersView_iOS.swift */; };
		FCD5926CB717B238B25FD30C /* ReminderDetailView_iOS.swift in Sources */ = {isa = PBXBuildFile; fileRef = B0DEB4E27F348DAC11B81955 /* ReminderDetailView_iOS.swift */; };
		7D393A06CE074C2B588077C5 /* EmailView_iOS.swift in Sources */ = {isa = PBXBuildFile; fileRef = 2A5048EB00B8A470D5A26BA3 /* EmailView_iOS.swift */; };
		5E6806590A81EB0E37BA13E7 /* EmailSurfaceBootstrap_iOS.swift in Sources */ = {isa = PBXBuildFile; fileRef = 1E244396A53C3FEFBD7C9980 /* EmailSurfaceBootstrap_iOS.swift */; };
/* End PBXBuildFile section */

/* Begin PBXCopyFilesBuildPhase section */
		B9477D6A371B076BE580DBFE /* Embed Frameworks */ = {
			isa = PBXCopyFilesBuildPhase;
			buildActionMask = 2147483647;
			dstPath = "";
			dstSubfolderSpec = 10;
			files = (
				0E4099EC4C4ABCC1B639FACA /* tessera.xcframework in Embed Frameworks */,
			);
			name = "Embed Frameworks";
			runOnlyForDeploymentPostprocessing = 0;
		};
/* End PBXCopyFilesBuildPhase section */

/* Begin PBXFileReference section */
		12E04ED6FBF1FCC3CA154CC7 /* tessera.xcframework */ = {isa = PBXFileReference; lastKnownFileType = wrapper.xcframework; name = tessera.xcframework; path = artifacts/tessera.xcframework; sourceTree = "<group>"; };
		1F22948AED9597A94104B0C4 /* TesseraAppLifecycle.swift */ = {isa = PBXFileReference; lastKnownFileType = sourcecode.swift; path = TesseraAppLifecycle.swift; sourceTree = "<group>"; };
		2C144C7F04921903632D744E /* ContentView.swift */ = {isa = PBXFileReference; lastKnownFileType = sourcecode.swift; path = ContentView.swift; sourceTree = "<group>"; };
		3917A41E9C7063CEEF6F3C6A /* PrivacyInfo.xcprivacy */ = {isa = PBXFileReference; path = PrivacyInfo.xcprivacy; sourceTree = "<group>"; };
		3FE31A6FADD1FFB1193E0FD1 /* WorkflowsView.swift */ = {isa = PBXFileReference; lastKnownFileType = sourcecode.swift; path = WorkflowsView.swift; sourceTree = "<group>"; };
		40729A9531A2DFABE1EA961D /* WorkflowParameterPanelView.swift */ = {isa = PBXFileReference; lastKnownFileType = sourcecode.swift; path = WorkflowParameterPanelView.swift; sourceTree = "<group>"; };
		437779B0DF7334909ED10304 /* TesseraStudioiOSApp.swift */ = {isa = PBXFileReference; lastKnownFileType = sourcecode.swift; path = TesseraStudioiOSApp.swift; sourceTree = "<group>"; };
		515D71CE71265C64C3BC538B /* SettingsView.swift */ = {isa = PBXFileReference; lastKnownFileType = sourcecode.swift; path = SettingsView.swift; sourceTree = "<group>"; };
		543C41C3EF0C82A41F740F1E /* ContentView.swift */ = {isa = PBXFileReference; lastKnownFileType = sourcecode.swift; path = ContentView.swift; sourceTree = "<group>"; };
		55B00FB4A80A894E7D327A58 /* TesseraStudioiOS.app */ = {isa = PBXFileReference; includeInIndex = 0; lastKnownFileType = wrapper.application; path = TesseraStudioiOS.app; sourceTree = BUILT_PRODUCTS_DIR; };
		6F27831D331D02ACFE0F58B1 /* WorkflowDocument.swift */ = {isa = PBXFileReference; lastKnownFileType = sourcecode.swift; path = WorkflowDocument.swift; sourceTree = "<group>"; };
		6F4F9123B7EFA1C68054E8F5 /* Assets.xcassets */ = {isa = PBXFileReference; lastKnownFileType = folder.assetcatalog; path = Assets.xcassets; sourceTree = "<group>"; };
		75205220F8E12273F58FC23E /* WorkflowNodeView.swift */ = {isa = PBXFileReference; lastKnownFileType = sourcecode.swift; path = WorkflowNodeView.swift; sourceTree = "<group>"; };
		7D222D5A75213DE4EA6FBB98 /* WorkflowPaletteView.swift */ = {isa = PBXFileReference; lastKnownFileType = sourcecode.swift; path = WorkflowPaletteView.swift; sourceTree = "<group>"; };
		9075FB059F1B04D32002C2F2 /* TesseraStudioMac.app */ = {isa = PBXFileReference; explicitFileType = wrapper.application; includeInIndex = 0; path = TesseraStudioMac.app; sourceTree = BUILT_PRODUCTS_DIR; };
		92B9CE3C72E91BD745B3A6BF /* TesseraStudio */ = {isa = PBXFileReference; lastKnownFileType = folder; name = TesseraStudio; path = .; sourceTree = SOURCE_ROOT; };
		9839F117CD5A6CC1C9C5F7DE /* SettingsView.swift */ = {isa = PBXFileReference; lastKnownFileType = sourcecode.swift; path = SettingsView.swift; sourceTree = "<group>"; };
		9A4F97FBB01CD8330A847BF0 /* PleadTheFifthMenuItem.swift */ = {isa = PBXFileReference; lastKnownFileType = sourcecode.swift; path = PleadTheFifthMenuItem.swift; sourceTree = "<group>"; };
		9D3010B9479BCC8BF30CCE9D /* WorkflowRunNotifier.swift */ = {isa = PBXFileReference; lastKnownFileType = sourcecode.swift; path = WorkflowRunNotifier.swift; sourceTree = "<group>"; };
		ACDE06D68EFB3E03589167D6 /* WorkflowEditorStore.swift */ = {isa = PBXFileReference; lastKnownFileType = sourcecode.swift; path = WorkflowEditorStore.swift; sourceTree = "<group>"; };
		BF9F199C740DC441D8D701F4 /* TrainingNotifier.swift */ = {isa = PBXFileReference; lastKnownFileType = sourcecode.swift; path = TrainingNotifier.swift; sourceTree = "<group>"; };
		CD1FE0CD17FC666E463147E4 /* LearningTrainingSection.swift */ = {isa = PBXFileReference; lastKnownFileType = sourcecode.swift; path = LearningTrainingSection.swift; sourceTree = "<group>"; };
		CD514C99769025121FCA45B2 /* WorkflowMenuActions.swift */ = {isa = PBXFileReference; lastKnownFileType = sourcecode.swift; path = WorkflowMenuActions.swift; sourceTree = "<group>"; };
		CF926E12EF9F972E62F3F018 /* PleadTheFifthNotifications.swift */ = {isa = PBXFileReference; lastKnownFileType = sourcecode.swift; path = PleadTheFifthNotifications.swift; sourceTree = "<group>"; };
		DFD216E1B50E0E33E37DDB5C /* TesseraStudioMacApp.swift */ = {isa = PBXFileReference; lastKnownFileType = sourcecode.swift; path = TesseraStudioMacApp.swift; sourceTree = "<group>"; };
		E053C048DC7AD97E5C1BD774 /* ReportWindow.swift */ = {isa = PBXFileReference; lastKnownFileType = sourcecode.swift; path = ReportWindow.swift; sourceTree = "<group>"; };
		EE2F125CEF082F7FA8395246 /* WorkflowCanvasView.swift */ = {isa = PBXFileReference; lastKnownFileType = sourcecode.swift; path = WorkflowCanvasView.swift; sourceTree = "<group>"; };
		FA00029C227E04B1E2D61C2B /* ConfirmationPanel.swift */ = {isa = PBXFileReference; lastKnownFileType = sourcecode.swift; path = ConfirmationPanel.swift; sourceTree = "<group>"; };
		FCD3045F308A4FC885C96939 /* LearningDashboardView.swift */ = {isa = PBXFileReference; lastKnownFileType = sourcecode.swift; path = LearningDashboardView.swift; sourceTree = "<group>"; };
		540B73FBDE8656FBCEC42BE5 /* PleadTheFifthComposition.swift */ = {isa = PBXFileReference; lastKnownFileType = sourcecode.swift; path = Sources/TesseraStudioMac/App/PleadTheFifthComposition.swift; sourceTree = "<group>"; };
		9F0AC464D273ABC271D3C879 /* ImportExportAPI.swift */ = {isa = PBXFileReference; lastKnownFileType = sourcecode.swift; path = Sources/TesseraStudioMac/API/ImportExportAPI.swift; sourceTree = "<group>"; };
		305E2A0088E5367FD2591EB1 /* DataLayerHTTPClient.swift */ = {isa = PBXFileReference; lastKnownFileType = sourcecode.swift; path = Sources/TesseraStudioMac/API/DataLayerHTTPClient.swift; sourceTree = "<group>"; };
		052981943BA75C7FF2A8DD7F /* ReceiptsDrawerView.swift */ = {isa = PBXFileReference; lastKnownFileType = sourcecode.swift; path = Sources/TesseraStudioMac/Views/Receipts/ReceiptsDrawerView.swift; sourceTree = "<group>"; };
		EEF1B93E7ECC0D10F3897EAF /* ReceiptDetailView.swift */ = {isa = PBXFileReference; lastKnownFileType = sourcecode.swift; path = Sources/TesseraStudioMac/Views/Receipts/ReceiptDetailView.swift; sourceTree = "<group>"; };
		706933FFA8C51AB9153FE663 /* C2PAManifestSheet.swift */ = {isa = PBXFileReference; lastKnownFileType = sourcecode.swift; path = Sources/TesseraStudioMac/Views/Receipts/C2PAManifestSheet.swift; sourceTree = "<group>"; };
		D4D8378089EBB81B571B6622 /* ReceiptExportView.swift */ = {isa = PBXFileReference; lastKnownFileType = sourcecode.swift; path = Sources/TesseraStudioMac/Views/Receipts/ReceiptExportView.swift; sourceTree = "<group>"; };
		1A8A0785E86EE7F8AA72F994 /* ReceiptRowView.swift */ = {isa = PBXFileReference; lastKnownFileType = sourcecode.swift; path = Sources/TesseraStudioMac/Views/Receipts/ReceiptRowView.swift; sourceTree = "<group>"; };
		2F30BCC1D8C529F7B8A51ED5 /* TasksView.swift */ = {isa = PBXFileReference; lastKnownFileType = sourcecode.swift; path = Sources/TesseraStudioMac/Views/Tasks/TasksView.swift; sourceTree = "<group>"; };
		9A468F69137DA00F9967511A /* CalendarSurfaceView.swift */ = {isa = PBXFileReference; lastKnownFileType = sourcecode.swift; path = Sources/TesseraStudioMac/Views/Calendar/CalendarSurfaceView.swift; sourceTree = "<group>"; };
		27B07F824BE523D38B5ECB8D /* SheetGridView.swift */ = {isa = PBXFileReference; lastKnownFileType = sourcecode.swift; path = Sources/TesseraStudioMac/Views/Sheets/SheetGridView.swift; sourceTree = "<group>"; };
		EF5E2524EB0A6C6955030257 /* SheetDetailView.swift */ = {isa = PBXFileReference; lastKnownFileType = sourcecode.swift; path = Sources/TesseraStudioMac/Views/Sheets/SheetDetailView.swift; sourceTree = "<group>"; };
		F8E62DE7FC20ECC94F403E72 /* SheetsListView.swift */ = {isa = PBXFileReference; lastKnownFileType = sourcecode.swift; path = Sources/TesseraStudioMac/Views/Sheets/SheetsListView.swift; sourceTree = "<group>"; };
		7AEDC5B4E72597FAC628C145 /* ContactsView.swift */ = {isa = PBXFileReference; lastKnownFileType = sourcecode.swift; path = Sources/TesseraStudioMac/Views/Contacts/ContactsView.swift; sourceTree = "<group>"; };
		330179AADD0450412F028193 /* GraphWindowView.swift */ = {isa = PBXFileReference; lastKnownFileType = sourcecode.swift; path = Sources/TesseraStudioMac/Views/Graph/GraphWindowView.swift; sourceTree = "<group>"; };
		EB01901170F326B72A9F8016 /* CodeSurfaceView.swift */ = {isa = PBXFileReference; lastKnownFileType = sourcecode.swift; path = Sources/TesseraStudioMac/Views/Code/CodeSurfaceView.swift; sourceTree = "<group>"; };
		8BB9E7D36DFF662B3C3ECE84 /* CodeEditorPaneView.swift */ = {isa = PBXFileReference; lastKnownFileType = sourcecode.swift; path = Sources/TesseraStudioMac/Views/Code/CodeEditorPaneView.swift; sourceTree = "<group>"; };
		02AD06C76E6B4B3C315C9355 /* CodeOutlineView.swift */ = {isa = PBXFileReference; lastKnownFileType = sourcecode.swift; path = Sources/TesseraStudioMac/Views/Code/CodeOutlineView.swift; sourceTree = "<group>"; };
		D81C4BBC8DFD96FEBBA2E2FE /* CodeSearchPanelView.swift */ = {isa = PBXFileReference; lastKnownFileType = sourcecode.swift; path = Sources/TesseraStudioMac/Views/Code/CodeSearchPanelView.swift; sourceTree = "<group>"; };
		266F5ADC413BE365AA716E42 /* CodeFileTreeView.swift */ = {isa = PBXFileReference; lastKnownFileType = sourcecode.swift; path = Sources/TesseraStudioMac/Views/Code/CodeFileTreeView.swift; sourceTree = "<group>"; };
		8FCF77798307EDF16A451E5A /* CodeGitPanelView.swift */ = {isa = PBXFileReference; lastKnownFileType = sourcecode.swift; path = Sources/TesseraStudioMac/Views/Code/CodeGitPanelView.swift; sourceTree = "<group>"; };
		2322D469388FE84A11A0CE3D /* DocEditorView.swift */ = {isa = PBXFileReference; lastKnownFileType = sourcecode.swift; path = Sources/TesseraStudioMac/Views/Docs/DocEditorView.swift; sourceTree = "<group>"; };
		604477E6ACAA7F2A4F54108A /* DocsListView.swift */ = {isa = PBXFileReference; lastKnownFileType = sourcecode.swift; path = Sources/TesseraStudioMac/Views/Docs/DocsListView.swift; sourceTree = "<group>"; };
		5E360BF173126B87903E0AAE /* DocDetailView.swift */ = {isa = PBXFileReference; lastKnownFileType = sourcecode.swift; path = Sources/TesseraStudioMac/Views/Docs/DocDetailView.swift; sourceTree = "<group>"; };
		4BD194BB8FD6AAA1222B3D5A /* SlidesListView.swift */ = {isa = PBXFileReference; lastKnownFileType = sourcecode.swift; path = Sources/TesseraStudioMac/Views/Slides/SlidesListView.swift; sourceTree = "<group>"; };
		7A6B46874A0AA083914AD162 /* SlideDeckDetailView.swift */ = {isa = PBXFileReference; lastKnownFileType = sourcecode.swift; path = Sources/TesseraStudioMac/Views/Slides/SlideDeckDetailView.swift; sourceTree = "<group>"; };
		964722668C2169637BB3909D /* SlideCanvasView.swift */ = {isa = PBXFileReference; lastKnownFileType = sourcecode.swift; path = Sources/TesseraStudioMac/Views/Slides/SlideCanvasView.swift; sourceTree = "<group>"; };
		139713C1DABE19A93EC018C3 /* NoteEditorColumn.swift */ = {isa = PBXFileReference; lastKnownFileType = sourcecode.swift; path = Sources/TesseraStudioMac/Views/Notes/NoteEditorColumn.swift; sourceTree = "<group>"; };
		2AE720DFA88463BBEFCC3D1F /* FlowLayout.swift */ = {isa = PBXFileReference; lastKnownFileType = sourcecode.swift; path = Sources/TesseraStudioMac/Views/Notes/FlowLayout.swift; sourceTree = "<group>"; };
		9B61290DAE3563ECC4AEE5F0 /* NotesView.swift */ = {isa = PBXFileReference; lastKnownFileType = sourcecode.swift; path = Sources/TesseraStudioMac/Views/Notes/NotesView.swift; sourceTree = "<group>"; };
		BA1FB1F6454BC86B062BB0C7 /* ChatPanelInputView.swift */ = {isa = PBXFileReference; lastKnownFileType = sourcecode.swift; path = Sources/TesseraStudioMac/Views/ChatPanel/ChatPanelInputView.swift; sourceTree = "<group>"; };
		70CAEFEC6519244ADD4E94B7 /* HoldYourHorsesDialog.swift */ = {isa = PBXFileReference; lastKnownFileType = sourcecode.swift; path = Sources/TesseraStudioMac/Views/ChatPanel/HoldYourHorsesDialog.swift; sourceTree = "<group>"; };
		C6437ACBF3C4DA01BE0C0BD1 /* ChatQueueRowView.swift */ = {isa = PBXFileReference; lastKnownFileType = sourcecode.swift; path = Sources/TesseraStudioMac/Views/ChatPanel/ChatQueueRowView.swift; sourceTree = "<group>"; };
		6FA3C9C215B212E0AEC7AE6E /* ChatPanelView.swift */ = {isa = PBXFileReference; lastKnownFileType = sourcecode.swift; path = Sources/TesseraStudioMac/Views/ChatPanel/ChatPanelView.swift; sourceTree = "<group>"; };
		BC5757E27749685A5022A297 /* ChatPanelHeaderView.swift */ = {isa = PBXFileReference; lastKnownFileType = sourcecode.swift; path = Sources/TesseraStudioMac/Views/ChatPanel/ChatPanelHeaderView.swift; sourceTree = "<group>"; };
		685BE9E014956BB440EC2518 /* ReminderDetailView.swift */ = {isa = PBXFileReference; lastKnownFileType = sourcecode.swift; path = Sources/TesseraStudioMac/Views/Reminders/ReminderDetailView.swift; sourceTree = "<group>"; };
		BC7DDC740ECAEE7FCBB7AD91 /* RemindersView.swift */ = {isa = PBXFileReference; lastKnownFileType = sourcecode.swift; path = Sources/TesseraStudioMac/Views/Reminders/RemindersView.swift; sourceTree = "<group>"; };
		30F50EDD2EC73626326268AE /* EmailView.swift */ = {isa = PBXFileReference; lastKnownFileType = sourcecode.swift; path = Sources/TesseraStudioMac/Views/Email/EmailView.swift; sourceTree = "<group>"; };
		6DAC1EA8EA36715DE529DF7F /* EmailSurfaceBootstrap.swift */ = {isa = PBXFileReference; lastKnownFileType = sourcecode.swift; path = Sources/TesseraStudioMac/Views/Email/EmailSurfaceBootstrap.swift; sourceTree = "<group>"; };
		FC3AB868DC344EE0808BADE4 /* TesseraEditorView.swift */ = {isa = PBXFileReference; lastKnownFileType = sourcecode.swift; path = Sources/TesseraStudioMac/Views/Editor/TesseraEditorView.swift; sourceTree = "<group>"; };
		95C9914B01095A84BED3C60E /* TesseraEditorToolbar.swift */ = {isa = PBXFileReference; lastKnownFileType = sourcecode.swift; path = Sources/TesseraStudioMac/Views/Editor/TesseraEditorToolbar.swift; sourceTree = "<group>"; };
		8535F6189A0AC7531BB35D6C /* EditorUndoCoordinator.swift */ = {isa = PBXFileReference; lastKnownFileType = sourcecode.swift; path = Sources/TesseraStudioMac/Views/Editor/EditorUndoCoordinator.swift; sourceTree = "<group>"; };
		3FCFED64CF90623CAFBE68D1 /* AgentCursorOverlay.swift */ = {isa = PBXFileReference; lastKnownFileType = sourcecode.swift; path = Sources/TesseraStudioMac/Views/Editor/AgentCursorOverlay.swift; sourceTree = "<group>"; };
		52B967DD90A9C9979A7C8A89 /* ProductivitySurfaceView.swift */ = {isa = PBXFileReference; lastKnownFileType = sourcecode.swift; path = Sources/TesseraStudioMac/Views/Productivity/ProductivitySurfaceView.swift; sourceTree = "<group>"; };
		D2D20BE04F536D57E76CC6E0 /* ReceiptsDrawerSheet_iOS.swift */ = {isa = PBXFileReference; lastKnownFileType = sourcecode.swift; path = Sources/TesseraStudioiOS/Views/Receipts/ReceiptsDrawerSheet_iOS.swift; sourceTree = "<group>"; };
		8DA5A40D7703BEA2A95560FF /* TasksView_iOS.swift */ = {isa = PBXFileReference; lastKnownFileType = sourcecode.swift; path = Sources/TesseraStudioiOS/Views/Tasks/TasksView_iOS.swift; sourceTree = "<group>"; };
		35D37712A0E41C026FC2D181 /* SheetsListView_iOS.swift */ = {isa = PBXFileReference; lastKnownFileType = sourcecode.swift; path = Sources/TesseraStudioiOS/Views/Sheets/SheetsListView_iOS.swift; sourceTree = "<group>"; };
		6652CE2A21DA3C18B417F346 /* SheetDetailView_iOS.swift */ = {isa = PBXFileReference; lastKnownFileType = sourcecode.swift; path = Sources/TesseraStudioiOS/Views/Sheets/SheetDetailView_iOS.swift; sourceTree = "<group>"; };
		30CDEC2EF75E37437DC51FB2 /* DocDetailView_iOS.swift */ = {isa = PBXFileReference; lastKnownFileType = sourcecode.swift; path = Sources/TesseraStudioiOS/Views/Docs/DocDetailView_iOS.swift; sourceTree = "<group>"; };
		94572AD5E679A953B7558715 /* DocsListView_iOS.swift */ = {isa = PBXFileReference; lastKnownFileType = sourcecode.swift; path = Sources/TesseraStudioiOS/Views/Docs/DocsListView_iOS.swift; sourceTree = "<group>"; };
		A559F2467C1E82BD177F507F /* SlideDeckDetailView_iOS.swift */ = {isa = PBXFileReference; lastKnownFileType = sourcecode.swift; path = Sources/TesseraStudioiOS/Views/Slides/SlideDeckDetailView_iOS.swift; sourceTree = "<group>"; };
		B9ACF71102B09C8A1EEDB042 /* SlidesListView_iOS.swift */ = {isa = PBXFileReference; lastKnownFileType = sourcecode.swift; path = Sources/TesseraStudioiOS/Views/Slides/SlidesListView_iOS.swift; sourceTree = "<group>"; };
		D8ADF652E5F9D315BE1C7584 /* NotesView_iOS.swift */ = {isa = PBXFileReference; lastKnownFileType = sourcecode.swift; path = Sources/TesseraStudioiOS/Views/Notes/NotesView_iOS.swift; sourceTree = "<group>"; };
		9133B0A5AD0064847291A738 /* ChatPanelView_iOS.swift */ = {isa = PBXFileReference; lastKnownFileType = sourcecode.swift; path = Sources/TesseraStudioiOS/Views/ChatPanel/ChatPanelView_iOS.swift; sourceTree = "<group>"; };
		B1646FCB600E6887BECDA10D /* RemindersView_iOS.swift */ = {isa = PBXFileReference; lastKnownFileType = sourcecode.swift; path = Sources/TesseraStudioiOS/Views/Reminders/RemindersView_iOS.swift; sourceTree = "<group>"; };
		B0DEB4E27F348DAC11B81955 /* ReminderDetailView_iOS.swift */ = {isa = PBXFileReference; lastKnownFileType = sourcecode.swift; path = Sources/TesseraStudioiOS/Views/Reminders/ReminderDetailView_iOS.swift; sourceTree = "<group>"; };
		2A5048EB00B8A470D5A26BA3 /* EmailView_iOS.swift */ = {isa = PBXFileReference; lastKnownFileType = sourcecode.swift; path = Sources/TesseraStudioiOS/Views/Email/EmailView_iOS.swift; sourceTree = "<group>"; };
		1E244396A53C3FEFBD7C9980 /* EmailSurfaceBootstrap_iOS.swift */ = {isa = PBXFileReference; lastKnownFileType = sourcecode.swift; path = Sources/TesseraStudioiOS/Views/Email/EmailSurfaceBootstrap_iOS.swift; sourceTree = "<group>"; };
/* End PBXFileReference section */

/* Begin PBXFrameworksBuildPhase section */
		9EE5FEF540331CE14B3DF1DA /* Frameworks */ = {
			isa = PBXFrameworksBuildPhase;
			buildActionMask = 2147483647;
			files = (
				44820084A42BFF61FD9198E8 /* TesseraCore in Frameworks */,
			);
			runOnlyForDeploymentPostprocessing = 0;
		};
		F2936DE8F64A5825A8188229 /* Frameworks */ = {
			isa = PBXFrameworksBuildPhase;
			buildActionMask = 2147483647;
			files = (
				94155ADF33A1FA2244B0096B /* TesseraCore in Frameworks */,
				9062010338171FA15B703C64 /* tessera.xcframework in Frameworks */,
			);
			runOnlyForDeploymentPostprocessing = 0;
		};
/* End PBXFrameworksBuildPhase section */

/* Begin PBXGroup section */
		00D67B0ECC0F20D66FA17D67 /* Mac */ = {
			isa = PBXGroup;
			children = (
				3917A41E9C7063CEEF6F3C6A /* PrivacyInfo.xcprivacy */,
			);
			path = Mac;
			sourceTree = "<group>";
		};
		0E77EEF6C4871B8C05BB02D4 /* Shared */ = {
			isa = PBXGroup;
			children = (
				6F4F9123B7EFA1C68054E8F5 /* Assets.xcassets */,
			);
			path = Shared;
			sourceTree = "<group>";
		};
		1CB356EEFE5F04B3E736C1B5 /* Views */ = {
			isa = PBXGroup;
			children = (
				9839F117CD5A6CC1C9C5F7DE /* SettingsView.swift */,
			);
			path = Views;
			sourceTree = "<group>";
		};
		3C6123140A713C13FF958CE6 /* App */ = {
			isa = PBXGroup;
			children = (
				2C144C7F04921903632D744E /* ContentView.swift */,
				1F22948AED9597A94104B0C4 /* TesseraAppLifecycle.swift */,
				DFD216E1B50E0E33E37DDB5C /* TesseraStudioMacApp.swift */,
			);
			path = App;
			sourceTree = "<group>";
		};
		3F01C24A97920B06D1E20438 /* Learning */ = {
			isa = PBXGroup;
			children = (
				CD1FE0CD17FC666E463147E4 /* LearningTrainingSection.swift */,
				BF9F199C740DC441D8D701F4 /* TrainingNotifier.swift */,
			);
			path = Learning;
			sourceTree = "<group>";
		};
		4B0BFA4088E866070226D74B /* Packages */ = {
			isa = PBXGroup;
			children = (
				92B9CE3C72E91BD745B3A6BF /* TesseraStudio */,
			);
			name = Packages;
			sourceTree = "<group>";
		};
		4BCF8381FFA874C26388F6FD /* Encryption */ = {
			isa = PBXGroup;
			children = (
				FA00029C227E04B1E2D61C2B /* ConfirmationPanel.swift */,
				9A4F97FBB01CD8330A847BF0 /* PleadTheFifthMenuItem.swift */,
				CF926E12EF9F972E62F3F018 /* PleadTheFifthNotifications.swift */,
				E053C048DC7AD97E5C1BD774 /* ReportWindow.swift */,
			);
			path = Encryption;
			sourceTree = "<group>";
		};
		4E15D410EFCB6A43B652A6DA /* TesseraStudioiOS */ = {
			isa = PBXGroup;
			children = (
				C027C100D0A3D2A9E4685C9A /* App */,
				1CB356EEFE5F04B3E736C1B5 /* Views */,
			);
			path = TesseraStudioiOS;
			sourceTree = "<group>";
		};
		660EF4753934B99780D9956A /* Workflows */ = {
			isa = PBXGroup;
			children = (
				EE2F125CEF082F7FA8395246 /* WorkflowCanvasView.swift */,
				6F27831D331D02ACFE0F58B1 /* WorkflowDocument.swift */,
				ACDE06D68EFB3E03589167D6 /* WorkflowEditorStore.swift */,
				CD514C99769025121FCA45B2 /* WorkflowMenuActions.swift */,
				75205220F8E12273F58FC23E /* WorkflowNodeView.swift */,
				7D222D5A75213DE4EA6FBB98 /* WorkflowPaletteView.swift */,
				40729A9531A2DFABE1EA961D /* WorkflowParameterPanelView.swift */,
				9D3010B9479BCC8BF30CCE9D /* WorkflowRunNotifier.swift */,
				3FE31A6FADD1FFB1193E0FD1 /* WorkflowsView.swift */,
			);
			path = Workflows;
			sourceTree = "<group>";
		};
		69E7A0D6C73684589F4E170E /* Support */ = {
			isa = PBXGroup;
			children = (
				00D67B0ECC0F20D66FA17D67 /* Mac */,
			);
			path = Support;
			sourceTree = "<group>";
		};
		ADF4D9448C4AB7B955BF1EC0 /* Products */ = {
			isa = PBXGroup;
			children = (
				55B00FB4A80A894E7D327A58 /* TesseraStudioiOS.app */,
				9075FB059F1B04D32002C2F2 /* TesseraStudioMac.app */,
			);
			name = Products;
			sourceTree = "<group>";
		};
		B8364AA1085CB31A892616E1 /* Frameworks */ = {
			isa = PBXGroup;
			children = (
				12E04ED6FBF1FCC3CA154CC7 /* tessera.xcframework */,
			);
			name = Frameworks;
			sourceTree = "<group>";
		};
		BDB3D247610FB8EE2D45003A /* Sources */ = {
			isa = PBXGroup;
			children = (
				4E15D410EFCB6A43B652A6DA /* TesseraStudioiOS */,
				FE4F864427047DB409BEA3FC /* TesseraStudioMac */,
			);
			path = Sources;
			sourceTree = "<group>";
		};
		C027C100D0A3D2A9E4685C9A /* App */ = {
			isa = PBXGroup;
			children = (
				543C41C3EF0C82A41F740F1E /* ContentView.swift */,
				437779B0DF7334909ED10304 /* TesseraStudioiOSApp.swift */,
			);
			path = App;
			sourceTree = "<group>";
		};
		E444049A8E6351CE88F16EC3 = {
			isa = PBXGroup;
			children = (
				4B0BFA4088E866070226D74B /* Packages */,
				0E77EEF6C4871B8C05BB02D4 /* Shared */,
				BDB3D247610FB8EE2D45003A /* Sources */,
				69E7A0D6C73684589F4E170E /* Support */,
				B8364AA1085CB31A892616E1 /* Frameworks */,
				ADF4D9448C4AB7B955BF1EC0 /* Products */,
			);
			sourceTree = "<group>";
		};
		F5AF8869B5464F3C31082196 /* Views */ = {
			isa = PBXGroup;
			children = (
				FCD3045F308A4FC885C96939 /* LearningDashboardView.swift */,
				515D71CE71265C64C3BC538B /* SettingsView.swift */,
				3F01C24A97920B06D1E20438 /* Learning */,
				660EF4753934B99780D9956A /* Workflows */,
			);
			path = Views;
			sourceTree = "<group>";
		};
		FE4F864427047DB409BEA3FC /* TesseraStudioMac */ = {
			isa = PBXGroup;
			children = (
				3C6123140A713C13FF958CE6 /* App */,
				4BCF8381FFA874C26388F6FD /* Encryption */,
				F5AF8869B5464F3C31082196 /* Views */,
			);
			path = TesseraStudioMac;
			sourceTree = "<group>";
		};
/* End PBXGroup section */

/* Begin PBXNativeTarget section */
		69B8A4CF45C9BDF967B903D6 /* TesseraStudioiOS */ = {
			isa = PBXNativeTarget;
			buildConfigurationList = 4D4432793AE3CF2D4B78400D /* Build configuration list for PBXNativeTarget "TesseraStudioiOS" */;
			buildPhases = (
				5B65E49E08C43B3AE9743D40 /* Sources */,
				F0DED35BA1ED26C027315623 /* Resources */,
				9EE5FEF540331CE14B3DF1DA /* Frameworks */,
			);
			buildRules = (
			);
			dependencies = (
			);
			name = TesseraStudioiOS;
			packageProductDependencies = (
				3EE7F1E4BFBB3E93B73ACCC3 /* TesseraCore */,
			);
			productName = TesseraStudioiOS;
			productReference = 55B00FB4A80A894E7D327A58 /* TesseraStudioiOS.app */;
			productType = "com.apple.product-type.application";
		};
		A4383DB23095790C1B7A06E6 /* TesseraStudioMac */ = {
			isa = PBXNativeTarget;
			buildConfigurationList = 1BA3A17FA0B3CA6F9F416A0A /* Build configuration list for PBXNativeTarget "TesseraStudioMac" */;
			buildPhases = (
				D522CCF6F89116F5D1065F1E /* Sources */,
				31FCCD89AB7EC5603A57FEA2 /* Resources */,
				F2936DE8F64A5825A8188229 /* Frameworks */,
				B9477D6A371B076BE580DBFE /* Embed Frameworks */,
			);
			buildRules = (
			);
			dependencies = (
			);
			name = TesseraStudioMac;
			packageProductDependencies = (
				558253DF4AD709A6F954A1B9 /* TesseraCore */,
			);
			productName = TesseraStudioMac;
			productReference = 9075FB059F1B04D32002C2F2 /* TesseraStudioMac.app */;
			productType = "com.apple.product-type.application";
		};
/* End PBXNativeTarget section */

/* Begin PBXProject section */
		A0F95CDDD801526A4D635543 /* Project object */ = {
			isa = PBXProject;
			attributes = {
				BuildIndependentTargetsInParallel = YES;
				LastUpgradeCheck = 1430;
				TargetAttributes = {
					A4383DB23095790C1B7A06E6 = {
						ProvisioningStyle = Manual;
					};
				};
			};
			buildConfigurationList = 0F5B7BABB3D775D0EEF7D4ED /* Build configuration list for PBXProject "TesseraStudio" */;
			developmentRegion = en;
			hasScannedForEncodings = 0;
			knownRegions = (
				Base,
				en,
			);
			mainGroup = E444049A8E6351CE88F16EC3;
			minimizedProjectReferenceProxies = 1;
			packageReferences = (
				B8F6101CBB78B794C01EFF67 /* XCLocalSwiftPackageReference "." */,
			);
			preferredProjectObjectVersion = 77;
			productRefGroup = ADF4D9448C4AB7B955BF1EC0 /* Products */;
			projectDirPath = "";
			projectRoot = "";
			targets = (
				A4383DB23095790C1B7A06E6 /* TesseraStudioMac */,
				69B8A4CF45C9BDF967B903D6 /* TesseraStudioiOS */,
			);
		};
/* End PBXProject section */

/* Begin PBXResourcesBuildPhase section */
		31FCCD89AB7EC5603A57FEA2 /* Resources */ = {
			isa = PBXResourcesBuildPhase;
			buildActionMask = 2147483647;
			files = (
				71B24AAF1C0BC834C013683B /* Assets.xcassets in Resources */,
				26164F765A562AE012432E1D /* PrivacyInfo.xcprivacy in Resources */,
			);
			runOnlyForDeploymentPostprocessing = 0;
		};
		F0DED35BA1ED26C027315623 /* Resources */ = {
			isa = PBXResourcesBuildPhase;
			buildActionMask = 2147483647;
			files = (
				D428353BC427BE01BF41BE3C /* Assets.xcassets in Resources */,
			);
			runOnlyForDeploymentPostprocessing = 0;
		};
/* End PBXResourcesBuildPhase section */

/* Begin PBXSourcesBuildPhase section */
		5B65E49E08C43B3AE9743D40 /* Sources */ = {
			isa = PBXSourcesBuildPhase;
			buildActionMask = 2147483647;
			files = (
				14E5A74A80E7C2805E812FA3 /* ContentView.swift in Sources */,
				D3B43A51CB7885704B6C80CE /* SettingsView.swift in Sources */,
				D4B9C1644A7E90A4302166CF /* TesseraStudioiOSApp.swift in Sources */,
				ECEA44F8205BBCF655D37EAD /* ReceiptsDrawerSheet_iOS.swift in Sources */,
				812FCD737D6B4645624E0B4C /* TasksView_iOS.swift in Sources */,
				E36234617B50E60180A9A89E /* SheetsListView_iOS.swift in Sources */,
				88B158364517100C10BCD1CB /* SheetDetailView_iOS.swift in Sources */,
				3BCC331362237566E619EE43 /* DocDetailView_iOS.swift in Sources */,
				89BDDDA9DCF00773151BAEE5 /* DocsListView_iOS.swift in Sources */,
				BB067C7BBD83050C7D2FB33B /* SlideDeckDetailView_iOS.swift in Sources */,
				5591FCFAAC4659BC3D3F8219 /* SlidesListView_iOS.swift in Sources */,
				0640D0BCF5C2CDAD31740306 /* NotesView_iOS.swift in Sources */,
				6B025BEF65720BBC962F39AB /* ChatPanelView_iOS.swift in Sources */,
				73380C786D531E3372CABE64 /* RemindersView_iOS.swift in Sources */,
				FCD5926CB717B238B25FD30C /* ReminderDetailView_iOS.swift in Sources */,
				7D393A06CE074C2B588077C5 /* EmailView_iOS.swift in Sources */,
				5E6806590A81EB0E37BA13E7 /* EmailSurfaceBootstrap_iOS.swift in Sources */,
			);
			runOnlyForDeploymentPostprocessing = 0;
		};
		D522CCF6F89116F5D1065F1E /* Sources */ = {
			isa = PBXSourcesBuildPhase;
			buildActionMask = 2147483647;
			files = (
				A2AFB3126E60571FB0435310 /* ConfirmationPanel.swift in Sources */,
				504CC16738EF99406D6B8529 /* ContentView.swift in Sources */,
				561C364154E0918D86AD8D30 /* LearningDashboardView.swift in Sources */,
				C711E5902DC14E6DFA5B6BB3 /* LearningTrainingSection.swift in Sources */,
				60B8A75274EB25AF1F9C553A /* PleadTheFifthMenuItem.swift in Sources */,
				C32D556DEA54086C990DF2C3 /* PleadTheFifthNotifications.swift in Sources */,
				5B10DBAFFAD71E948A8094C0 /* ReportWindow.swift in Sources */,
				ACA69BEBB04769F1DD146753 /* SettingsView.swift in Sources */,
				95922A925983CE37AF7583E1 /* TesseraAppLifecycle.swift in Sources */,
				47AD6881245204EF1A0C514C /* TesseraStudioMacApp.swift in Sources */,
				03FCDB138C2861BDF31C6D0D /* TrainingNotifier.swift in Sources */,
				CA2FCD5D78AF4EDF4AAC29A0 /* WorkflowCanvasView.swift in Sources */,
				DE12AD035A9DEF1AA463F79F /* WorkflowDocument.swift in Sources */,
				716BCB07A97A34782A506338 /* WorkflowEditorStore.swift in Sources */,
				7F44BF2A0ABEA00E653CD50D /* WorkflowMenuActions.swift in Sources */,
				B01CB1767E74CF9EBCF90BA1 /* WorkflowNodeView.swift in Sources */,
				650C73FFFB02DBF42C52F402 /* WorkflowPaletteView.swift in Sources */,
				4EFBBCBA193E296F054E5385 /* WorkflowParameterPanelView.swift in Sources */,
				25EBBB580ADAEC2995B59446 /* WorkflowRunNotifier.swift in Sources */,
				47A4606AAD4445F62D82AB82 /* WorkflowsView.swift in Sources */,
				E7238C778AE6FEA15CC5249F /* PleadTheFifthComposition.swift in Sources */,
				4F12FA681CD679F875BAF005 /* ImportExportAPI.swift in Sources */,
				3B5D85E413B19144977159F4 /* DataLayerHTTPClient.swift in Sources */,
				1C92C00E0C07F07C3E6FDEB4 /* ReceiptsDrawerView.swift in Sources */,
				3E5061A4421035327A6C7089 /* ReceiptDetailView.swift in Sources */,
				4052C60960A48615B1724760 /* C2PAManifestSheet.swift in Sources */,
				5952C57D1D644F7B1C094B7A /* ReceiptExportView.swift in Sources */,
				811AE6366AD6BF5C7D162078 /* ReceiptRowView.swift in Sources */,
				29D7900D8E55B4EEB0031E92 /* TasksView.swift in Sources */,
				EB40C684CCBE46E412451758 /* CalendarSurfaceView.swift in Sources */,
				42222463F66A1E1E694E0BAE /* SheetGridView.swift in Sources */,
				288DF442CB2C999A833698FF /* SheetDetailView.swift in Sources */,
				EBAB6A7FA09BC7BBA09A21A1 /* SheetsListView.swift in Sources */,
				B4707F2F7F85F970C2B09534 /* ContactsView.swift in Sources */,
				49E6E635870852B63BD12804 /* GraphWindowView.swift in Sources */,
				4564C374D44F4410F3937566 /* CodeSurfaceView.swift in Sources */,
				B252BAE140004DBE99D89D45 /* CodeEditorPaneView.swift in Sources */,
				60E7385C41DFC771F51EB5E7 /* CodeOutlineView.swift in Sources */,
				9E62C6FD798D704BB5CFE507 /* CodeSearchPanelView.swift in Sources */,
				F0A3C54395C8D1FB4C2C8274 /* CodeFileTreeView.swift in Sources */,
				85971460116CE25F782987DE /* CodeGitPanelView.swift in Sources */,
				6222551F68538DC3D1F7105A /* DocEditorView.swift in Sources */,
				E69A896C30A0FEFFF47F037F /* DocsListView.swift in Sources */,
				F4A7805C88C720E3F26D3BF4 /* DocDetailView.swift in Sources */,
				F40F8DC41A91E7353635C9EF /* SlidesListView.swift in Sources */,
				88B9AC55A745516921C08056 /* SlideDeckDetailView.swift in Sources */,
				E298E736959B487C65D9F598 /* SlideCanvasView.swift in Sources */,
				90106C04011847F5B7BD96B6 /* NoteEditorColumn.swift in Sources */,
				DAF8F0F4D7FEF3A983CA207D /* FlowLayout.swift in Sources */,
				E5493CF39E2D0309152477A2 /* NotesView.swift in Sources */,
				BF1BB9675AD2D40C3D7D3D7C /* ChatPanelInputView.swift in Sources */,
				457461B0AB7A861AB7F657D2 /* HoldYourHorsesDialog.swift in Sources */,
				E4550AEAD492E5BC0AD70156 /* ChatQueueRowView.swift in Sources */,
				962418F9782CA8884013D953 /* ChatPanelView.swift in Sources */,
				E050E16EDCFFCF7A1C9452DF /* ChatPanelHeaderView.swift in Sources */,
				27D778030B179094BAC995B3 /* ReminderDetailView.swift in Sources */,
				A6FB9F9695821FBADDC049B4 /* RemindersView.swift in Sources */,
				4358C3B53D3501DC064B618D /* EmailView.swift in Sources */,
				296EB0F2C309D3E459F9679C /* EmailSurfaceBootstrap.swift in Sources */,
				DB596D80A1485B158AFB8976 /* TesseraEditorView.swift in Sources */,
				3652B38577A85C0C641254E3 /* TesseraEditorToolbar.swift in Sources */,
				03F5586AD7446BBBE62E9DA9 /* EditorUndoCoordinator.swift in Sources */,
				69DDDA7375DCAB6199010409 /* AgentCursorOverlay.swift in Sources */,
				BA668F0226526E20155DB473 /* ProductivitySurfaceView.swift in Sources */,
			);
			runOnlyForDeploymentPostprocessing = 0;
		};
/* End PBXSourcesBuildPhase section */

/* Begin XCBuildConfiguration section */
		17A74129DBB0D945D2A62E7C /* Debug */ = {
			isa = XCBuildConfiguration;
			buildSettings = {
				ASSETCATALOG_COMPILER_APPICON_NAME = AppIcon;
				ASSETCATALOG_COMPILER_GLOBAL_ACCENT_COLOR_NAME = AccentColor;
				CODE_SIGNING_REQUIRED = NO;
				CODE_SIGN_ENTITLEMENTS = Support/Mac/TesseraStudioMac.entitlements;
				CODE_SIGN_IDENTITY = "-";
				CODE_SIGN_STYLE = Manual;
				COMBINE_HIDPI_IMAGES = YES;
				FRAMEWORK_SEARCH_PATHS = (
					"$(inherited)",
					"\"artifacts\"",
				);
				INFOPLIST_FILE = Support/Mac/Info.plist;
				LD_RUNPATH_SEARCH_PATHS = (
					"$(inherited)",
					"@executable_path/../Frameworks",
				);
				MACOSX_DEPLOYMENT_TARGET = 14.0;
				PRODUCT_BUNDLE_IDENTIFIER = com.tessera.studio.mac;
				PRODUCT_NAME = TesseraStudioMac;
				SDKROOT = macosx;
			};
			name = Debug;
		};
		839E85A8E75074525FA38B6F /* Debug */ = {
			isa = XCBuildConfiguration;
			buildSettings = {
				ASSETCATALOG_COMPILER_APPICON_NAME = AppIcon;
				ASSETCATALOG_COMPILER_GLOBAL_ACCENT_COLOR_NAME = AccentColor;
				CODE_SIGNING_ALLOWED = NO;
				CODE_SIGNING_REQUIRED = NO;
				CODE_SIGN_IDENTITY = "iPhone Developer";
				INFOPLIST_FILE = Support/iOS/Info.plist;
				IPHONEOS_DEPLOYMENT_TARGET = 17.0;
				LD_RUNPATH_SEARCH_PATHS = (
					"$(inherited)",
					"@executable_path/Frameworks",
				);
				PRODUCT_BUNDLE_IDENTIFIER = com.tessera.studio.ios;
				PRODUCT_NAME = TesseraStudioiOS;
				SDKROOT = iphoneos;
				TARGETED_DEVICE_FAMILY = "1,2";
			};
			name = Debug;
		};
		BD9CA5653897EB92BEC50C7C /* Release */ = {
			isa = XCBuildConfiguration;
			buildSettings = {
				ALWAYS_SEARCH_USER_PATHS = NO;
				CLANG_ANALYZER_NONNULL = YES;
				CLANG_ANALYZER_NUMBER_OBJECT_CONVERSION = YES_AGGRESSIVE;
				CLANG_CXX_LANGUAGE_STANDARD = "gnu++14";
				CLANG_CXX_LIBRARY = "libc++";
				CLANG_ENABLE_MODULES = YES;
				CLANG_ENABLE_OBJC_ARC = YES;
				CLANG_ENABLE_OBJC_WEAK = YES;
				CLANG_WARN_BLOCK_CAPTURE_AUTORELEASING = YES;
				CLANG_WARN_BOOL_CONVERSION = YES;
				CLANG_WARN_COMMA = YES;
				CLANG_WARN_CONSTANT_CONVERSION = YES;
				CLANG_WARN_DEPRECATED_OBJC_IMPLEMENTATIONS = YES;
				CLANG_WARN_DIRECT_OBJC_ISA_USAGE = YES_ERROR;
				CLANG_WARN_DOCUMENTATION_COMMENTS = YES;
				CLANG_WARN_EMPTY_BODY = YES;
				CLANG_WARN_ENUM_CONVERSION = YES;
				CLANG_WARN_INFINITE_RECURSION = YES;
				CLANG_WARN_INT_CONVERSION = YES;
				CLANG_WARN_NON_LITERAL_NULL_CONVERSION = YES;
				CLANG_WARN_OBJC_IMPLICIT_RETAIN_SELF = YES;
				CLANG_WARN_OBJC_LITERAL_CONVERSION = YES;
				CLANG_WARN_OBJC_ROOT_CLASS = YES_ERROR;
				CLANG_WARN_QUOTED_INCLUDE_IN_FRAMEWORK_HEADER = YES;
				CLANG_WARN_RANGE_LOOP_ANALYSIS = YES;
				CLANG_WARN_STRICT_PROTOTYPES = YES;
				CLANG_WARN_SUSPICIOUS_MOVE = YES;
				CLANG_WARN_UNGUARDED_AVAILABILITY = YES_AGGRESSIVE;
				CLANG_WARN_UNREACHABLE_CODE = YES;
				CLANG_WARN__DUPLICATE_METHOD_MATCH = YES;
				COPY_PHASE_STRIP = NO;
				CURRENT_PROJECT_VERSION = 1;
				DEBUG_INFORMATION_FORMAT = "dwarf-with-dsym";
				ENABLE_HARDENED_RUNTIME = YES;
				ENABLE_NS_ASSERTIONS = NO;
				ENABLE_STRICT_OBJC_MSGSEND = YES;
				GCC_C_LANGUAGE_STANDARD = gnu11;
				GCC_NO_COMMON_BLOCKS = YES;
				GCC_WARN_64_TO_32_BIT_CONVERSION = YES;
				GCC_WARN_ABOUT_RETURN_TYPE = YES_ERROR;
				GCC_WARN_UNDECLARED_SELECTOR = YES;
				GCC_WARN_UNINITIALIZED_AUTOS = YES_AGGRESSIVE;
				GCC_WARN_UNUSED_FUNCTION = YES;
				GCC_WARN_UNUSED_VARIABLE = YES;
				IPHONEOS_DEPLOYMENT_TARGET = 17.0;
				MACOSX_DEPLOYMENT_TARGET = 14.0;
				MARKETING_VERSION = 1.0;
				MTL_ENABLE_DEBUG_INFO = NO;
				MTL_FAST_MATH = YES;
				PRODUCT_NAME = "$(TARGET_NAME)";
				SWIFT_COMPILATION_MODE = wholemodule;
				SWIFT_OPTIMIZATION_LEVEL = "-O";
				SWIFT_VERSION = 5.9;
			};
			name = Release;
		};
		C7F6C23EAEF3E3CE24F5E1D5 /* Release */ = {
			isa = XCBuildConfiguration;
			buildSettings = {
				ASSETCATALOG_COMPILER_APPICON_NAME = AppIcon;
				ASSETCATALOG_COMPILER_GLOBAL_ACCENT_COLOR_NAME = AccentColor;
				CODE_SIGNING_ALLOWED = NO;
				CODE_SIGNING_REQUIRED = NO;
				CODE_SIGN_IDENTITY = "iPhone Developer";
				INFOPLIST_FILE = Support/iOS/Info.plist;
				IPHONEOS_DEPLOYMENT_TARGET = 17.0;
				LD_RUNPATH_SEARCH_PATHS = (
					"$(inherited)",
					"@executable_path/Frameworks",
				);
				PRODUCT_BUNDLE_IDENTIFIER = com.tessera.studio.ios;
				PRODUCT_NAME = TesseraStudioiOS;
				SDKROOT = iphoneos;
				TARGETED_DEVICE_FAMILY = "1,2";
			};
			name = Release;
		};
		EE23CB8C2FE92F1505720E59 /* Release */ = {
			isa = XCBuildConfiguration;
			buildSettings = {
				ASSETCATALOG_COMPILER_APPICON_NAME = AppIcon;
				ASSETCATALOG_COMPILER_GLOBAL_ACCENT_COLOR_NAME = AccentColor;
				CODE_SIGNING_REQUIRED = NO;
				CODE_SIGN_ENTITLEMENTS = Support/Mac/TesseraStudioMac.entitlements;
				CODE_SIGN_IDENTITY = "-";
				CODE_SIGN_STYLE = Manual;
				COMBINE_HIDPI_IMAGES = YES;
				FRAMEWORK_SEARCH_PATHS = (
					"$(inherited)",
					"\"artifacts\"",
				);
				INFOPLIST_FILE = Support/Mac/Info.plist;
				LD_RUNPATH_SEARCH_PATHS = (
					"$(inherited)",
					"@executable_path/../Frameworks",
				);
				MACOSX_DEPLOYMENT_TARGET = 14.0;
				PRODUCT_BUNDLE_IDENTIFIER = com.tessera.studio.mac;
				PRODUCT_NAME = TesseraStudioMac;
				SDKROOT = macosx;
			};
			name = Release;
		};
		F672645DD88ECA4B07864BB6 /* Debug */ = {
			isa = XCBuildConfiguration;
			buildSettings = {
				ALWAYS_SEARCH_USER_PATHS = NO;
				CLANG_ANALYZER_NONNULL = YES;
				CLANG_ANALYZER_NUMBER_OBJECT_CONVERSION = YES_AGGRESSIVE;
				CLANG_CXX_LANGUAGE_STANDARD = "gnu++14";
				CLANG_CXX_LIBRARY = "libc++";
				CLANG_ENABLE_MODULES = YES;
				CLANG_ENABLE_OBJC_ARC = YES;
				CLANG_ENABLE_OBJC_WEAK = YES;
				CLANG_WARN_BLOCK_CAPTURE_AUTORELEASING = YES;
				CLANG_WARN_BOOL_CONVERSION = YES;
				CLANG_WARN_COMMA = YES;
				CLANG_WARN_CONSTANT_CONVERSION = YES;
				CLANG_WARN_DEPRECATED_OBJC_IMPLEMENTATIONS = YES;
				CLANG_WARN_DIRECT_OBJC_ISA_USAGE = YES_ERROR;
				CLANG_WARN_DOCUMENTATION_COMMENTS = YES;
				CLANG_WARN_EMPTY_BODY = YES;
				CLANG_WARN_ENUM_CONVERSION = YES;
				CLANG_WARN_INFINITE_RECURSION = YES;
				CLANG_WARN_INT_CONVERSION = YES;
				CLANG_WARN_NON_LITERAL_NULL_CONVERSION = YES;
				CLANG_WARN_OBJC_IMPLICIT_RETAIN_SELF = YES;
				CLANG_WARN_OBJC_LITERAL_CONVERSION = YES;
				CLANG_WARN_OBJC_ROOT_CLASS = YES_ERROR;
				CLANG_WARN_QUOTED_INCLUDE_IN_FRAMEWORK_HEADER = YES;
				CLANG_WARN_RANGE_LOOP_ANALYSIS = YES;
				CLANG_WARN_STRICT_PROTOTYPES = YES;
				CLANG_WARN_SUSPICIOUS_MOVE = YES;
				CLANG_WARN_UNGUARDED_AVAILABILITY = YES_AGGRESSIVE;
				CLANG_WARN_UNREACHABLE_CODE = YES;
				CLANG_WARN__DUPLICATE_METHOD_MATCH = YES;
				COPY_PHASE_STRIP = NO;
				CURRENT_PROJECT_VERSION = 1;
				DEBUG_INFORMATION_FORMAT = dwarf;
				ENABLE_HARDENED_RUNTIME = YES;
				ENABLE_STRICT_OBJC_MSGSEND = YES;
				ENABLE_TESTABILITY = YES;
				GCC_C_LANGUAGE_STANDARD = gnu11;
				GCC_DYNAMIC_NO_PIC = NO;
				GCC_NO_COMMON_BLOCKS = YES;
				GCC_OPTIMIZATION_LEVEL = 0;
				GCC_PREPROCESSOR_DEFINITIONS = (
					"$(inherited)",
					"DEBUG=1",
				);
				GCC_WARN_64_TO_32_BIT_CONVERSION = YES;
				GCC_WARN_ABOUT_RETURN_TYPE = YES_ERROR;
				GCC_WARN_UNDECLARED_SELECTOR = YES;
				GCC_WARN_UNINITIALIZED_AUTOS = YES_AGGRESSIVE;
				GCC_WARN_UNUSED_FUNCTION = YES;
				GCC_WARN_UNUSED_VARIABLE = YES;
				IPHONEOS_DEPLOYMENT_TARGET = 17.0;
				MACOSX_DEPLOYMENT_TARGET = 14.0;
				MARKETING_VERSION = 1.0;
				MTL_ENABLE_DEBUG_INFO = INCLUDE_SOURCE;
				MTL_FAST_MATH = YES;
				ONLY_ACTIVE_ARCH = YES;
				PRODUCT_NAME = "$(TARGET_NAME)";
				SWIFT_ACTIVE_COMPILATION_CONDITIONS = DEBUG;
				SWIFT_OPTIMIZATION_LEVEL = "-Onone";
				SWIFT_VERSION = 5.9;
			};
			name = Debug;
		};
/* End XCBuildConfiguration section */

/* Begin XCConfigurationList section */
		0F5B7BABB3D775D0EEF7D4ED /* Build configuration list for PBXProject "TesseraStudio" */ = {
			isa = XCConfigurationList;
			buildConfigurations = (
				F672645DD88ECA4B07864BB6 /* Debug */,
				BD9CA5653897EB92BEC50C7C /* Release */,
			);
			defaultConfigurationIsVisible = 0;
			defaultConfigurationName = Debug;
		};
		1BA3A17FA0B3CA6F9F416A0A /* Build configuration list for PBXNativeTarget "TesseraStudioMac" */ = {
			isa = XCConfigurationList;
			buildConfigurations = (
				17A74129DBB0D945D2A62E7C /* Debug */,
				EE23CB8C2FE92F1505720E59 /* Release */,
			);
			defaultConfigurationIsVisible = 0;
			defaultConfigurationName = Debug;
		};
		4D4432793AE3CF2D4B78400D /* Build configuration list for PBXNativeTarget "TesseraStudioiOS" */ = {
			isa = XCConfigurationList;
			buildConfigurations = (
				839E85A8E75074525FA38B6F /* Debug */,
				C7F6C23EAEF3E3CE24F5E1D5 /* Release */,
			);
			defaultConfigurationIsVisible = 0;
			defaultConfigurationName = Debug;
		};
/* End XCConfigurationList section */

/* Begin XCLocalSwiftPackageReference section */
		B8F6101CBB78B794C01EFF67 /* XCLocalSwiftPackageReference "." */ = {
			isa = XCLocalSwiftPackageReference;
			relativePath = .;
		};
/* End XCLocalSwiftPackageReference section */

/* Begin XCSwiftPackageProductDependency section */
		3EE7F1E4BFBB3E93B73ACCC3 /* TesseraCore */ = {
			isa = XCSwiftPackageProductDependency;
			productName = TesseraCore;
		};
		558253DF4AD709A6F954A1B9 /* TesseraCore */ = {
			isa = XCSwiftPackageProductDependency;
			productName = TesseraCore;
		};
/* End XCSwiftPackageProductDependency section */
	};
	rootObject = A0F95CDDD801526A4D635543 /* Project object */;
}
